
Microsoft Visual Studio Solution File, Format Version 12.00
# Visual Studio 15
VisualStudioVersion = 15.0.26730.16
MinimumVisualStudioVersion = 10.0.40219.1
Project("{8BC9CEB8-8B4A-11D0-8D11-00A0C91BC942}") = "教程", "教程\教程.vcxproj", "{DE544000-8A3E-4FFA-A889-AB79CB6E8924}"
EndProject
Project("{8BC9CEB8-8B4A-11D0-8D11-00A0C91BC942}") = "数据类型", "数据类型\数据类型.vcxproj", "{39578E9C-A3BA-45C0-9416-303000D8569C}"
EndProject
Project("{8BC9CEB8-8B4A-11D0-8D11-00A0C91BC942}") = "变量", "变量\变量.vcxproj", "{9B1552C6-85C5-42B6-850F-9EB48DA3F1E1}"
EndProject
Project("{8BC9CEB8-8B4A-11D0-8D11-00A0C91BC942}") = "常量", "常量\常量.vcxproj", "{F7BCE10D-22C3-4266-9BBA-660B9E6549EE}"
EndProject
Project("{8BC9CEB8-8B4A-11D0-8D11-00A0C91BC942}") = "存储类", "存储类\存储类.vcxproj", "{44C187DA-0C1D-49B2-8CB6-378BB2519F3F}"
EndProject
Project("{8BC9CEB8-8B4A-11D0-8D11-00A0C91BC942}") = "运算符", "运算符\运算符.vcxproj", "{11B70AF4-2D21-4C71-8F90-268BE8D47079}"
EndProject
Project("{8BC9CEB8-8B4A-11D0-8D11-00A0C91BC942}") = "判断", "判断\判断.vcxproj", "{E1EFCA94-00F1-4D18-B3DC-889F2427104B}"
EndProject
Project("{8BC9CEB8-8B4A-11D0-8D11-00A0C91BC942}") = "循环", "循环\循环.vcxproj", "{81764D77-587E-4357-A1FA-BA50D5E03A8B}"
EndProject
Project("{8BC9CEB8-8B4A-11D0-8D11-00A0C91BC942}") = "函数", "函数\函数.vcxproj", "{C1F7C576-CB91-45D0-8C14-001EE57842CB}"
EndProject
Project("{8BC9CEB8-8B4A-11D0-8D11-00A0C91BC942}") = "作用域规则", "作用域规则\作用域规则.vcxproj", "{A2A3532B-C334-4B85-831A-6278B47CD0B7}"
EndProject
Project("{8BC9CEB8-8B4A-11D0-8D11-00A0C91BC942}") = "数组", "数组\数组.vcxproj", "{8567C555-32E0-4F6B-8DC7-35B0FD8B358B}"
EndProject
Project("{8BC9CEB8-8B4A-11D0-8D11-00A0C91BC942}") = "指针", "指针\指针.vcxproj", "{CB32951B-66B5-4BBE-A204-DBB6617FE155}"
EndProject
Project("{8BC9CEB8-8B4A-11D0-8D11-00A0C91BC942}") = "函数指针与回调函数", "函数指针与回调函数\函数指针与回调函数.vcxproj", "{06D45C0C-F554-4076-9AA0-28A54A178D21}"
EndProject
Project("{8BC9CEB8-8B4A-11D0-8D11-00A0C91BC942}") = "字符串", "字符串\字符串.vcxproj", "{FF328903-A1A1-4FB8-8880-CF457A038E6B}"
EndProject
Project("{8BC9CEB8-8B4A-11D0-8D11-00A0C91BC942}") = "结构体", "结构体\结构体.vcxproj", "{E7F83AF0-D739-4771-BE5A-32B80E6B72AC}"
EndProject
Project("{8BC9CEB8-8B4A-11D0-8D11-00A0C91BC942}") = "共用体", "共用体\共用体.vcxproj", "{FD0A8D6F-E76B-4C64-ABB9-1C35D63A3CE8}"
EndProject
Project("{8BC9CEB8-8B4A-11D0-8D11-00A0C91BC942}") = "位域", "位域\位域.vcxproj", "{FF79EFE6-E09C-4CED-834F-69E7D4F64213}"
EndProject
Project("{8BC9CEB8-8B4A-11D0-8D11-00A0C91BC942}") = "typedef", "typedef\typedef.vcxproj", "{BCE25C48-44A0-401A-B7C3-DC3E325AC1B9}"
EndProject
Project("{8BC9CEB8-8B4A-11D0-8D11-00A0C91BC942}") = "输入与输出", "输入与输出\输入与输出.vcxproj", "{E4CAF684-09D3-4E1B-A795-04E3257C10B5}"
EndProject
Project("{8BC9CEB8-8B4A-11D0-8D11-00A0C91BC942}") = "文件读写", "文件读写\文件读写.vcxproj", "{716C7E16-DA49-412D-8961-AAE36116CB34}"
EndProject
Project("{8BC9CEB8-8B4A-11D0-8D11-00A0C91BC942}") = "预处理器", "预处理器\预处理器.vcxproj", "{83B534D1-0A47-4F94-982B-1143591D25F8}"
EndProject
Project("{8BC9CEB8-8B4A-11D0-8D11-00A0C91BC942}") = "C 语言实例 - 输出 Hello, World!", "C 语言实例 - 输出 Hello, World!\C 语言实例 - 输出 Hello, World!.vcxproj", "{04740B60-5D93-459A-819F-36C2F9798851}"
EndProject
Project("{8BC9CEB8-8B4A-11D0-8D11-00A0C91BC942}") = "C 语言实例 - 输出整数", "C 语言实例 - 输出整数\C 语言实例 - 输出整数.vcxproj", "{6177D621-FCE9-4C74-96DB-7A09D6C1DA4F}"
EndProject
Project("{8BC9CEB8-8B4A-11D0-8D11-00A0C91BC942}") = "C 语言实例 - 两个整数相加", "C 语言实例 - 两个整数相加\C 语言实例 - 两个整数相加.vcxproj", "{B8873A85-7E7F-41EA-AE70-E8423133DBA0}"
EndProject
Project("{8BC9CEB8-8B4A-11D0-8D11-00A0C91BC942}") = "C 语言实例 - 两个浮点数相乘", "C 语言实例 - 两个浮点数相乘\C 语言实例 - 两个浮点数相乘.vcxproj", "{6D0E0486-6D8B-473F-9543-9DEF46B05CF5}"
EndProject
Project("{8BC9CEB8-8B4A-11D0-8D11-00A0C91BC942}") = "头文件", "头文件\头文件.vcxproj", "{E6DED355-17AC-4034-8368-716B7F97312E}"
EndProject
Project("{8BC9CEB8-8B4A-11D0-8D11-00A0C91BC942}") = "强制类型转换", "强制类型转换\强制类型转换.vcxproj", "{1421C0EE-29D8-4DD2-B346-0758164453BE}"
EndProject
Global
	GlobalSection(SolutionConfigurationPlatforms) = preSolution
		Debug|x64 = Debug|x64
		Debug|x86 = Debug|x86
		Release|x64 = Release|x64
		Release|x86 = Release|x86
	EndGlobalSection
	GlobalSection(ProjectConfigurationPlatforms) = postSolution
		{DE544000-8A3E-4FFA-A889-AB79CB6E8924}.Debug|x64.ActiveCfg = Debug|x64
		{DE544000-8A3E-4FFA-A889-AB79CB6E8924}.Debug|x64.Build.0 = Debug|x64
		{DE544000-8A3E-4FFA-A889-AB79CB6E8924}.Debug|x86.ActiveCfg = Debug|Win32
		{DE544000-8A3E-4FFA-A889-AB79CB6E8924}.Debug|x86.Build.0 = Debug|Win32
		{DE544000-8A3E-4FFA-A889-AB79CB6E8924}.Release|x64.ActiveCfg = Release|x64
		{DE544000-8A3E-4FFA-A889-AB79CB6E8924}.Release|x64.Build.0 = Release|x64
		{DE544000-8A3E-4FFA-A889-AB79CB6E8924}.Release|x86.ActiveCfg = Release|Win32
		{DE544000-8A3E-4FFA-A889-AB79CB6E8924}.Release|x86.Build.0 = Release|Win32
		{39578E9C-A3BA-45C0-9416-303000D8569C}.Debug|x64.ActiveCfg = Debug|x64
		{39578E9C-A3BA-45C0-9416-303000D8569C}.Debug|x64.Build.0 = Debug|x64
		{39578E9C-A3BA-45C0-9416-303000D8569C}.Debug|x86.ActiveCfg = Debug|Win32
		{39578E9C-A3BA-45C0-9416-303000D8569C}.Debug|x86.Build.0 = Debug|Win32
		{39578E9C-A3BA-45C0-9416-303000D8569C}.Release|x64.ActiveCfg = Release|x64
		{39578E9C-A3BA-45C0-9416-303000D8569C}.Release|x64.Build.0 = Release|x64
		{39578E9C-A3BA-45C0-9416-303000D8569C}.Release|x86.ActiveCfg = Release|Win32
		{39578E9C-A3BA-45C0-9416-303000D8569C}.Release|x86.Build.0 = Release|Win32
		{9B1552C6-85C5-42B6-850F-9EB48DA3F1E1}.Debug|x64.ActiveCfg = Debug|x64
		{9B1552C6-85C5-42B6-850F-9EB48DA3F1E1}.Debug|x64.Build.0 = Debug|x64
		{9B1552C6-85C5-42B6-850F-9EB48DA3F1E1}.Debug|x86.ActiveCfg = Debug|Win32
		{9B1552C6-85C5-42B6-850F-9EB48DA3F1E1}.Debug|x86.Build.0 = Debug|Win32
		{9B1552C6-85C5-42B6-850F-9EB48DA3F1E1}.Release|x64.ActiveCfg = Release|x64
		{9B1552C6-85C5-42B6-850F-9EB48DA3F1E1}.Release|x64.Build.0 = Release|x64
		{9B1552C6-85C5-42B6-850F-9EB48DA3F1E1}.Release|x86.ActiveCfg = Release|Win32
		{9B1552C6-85C5-42B6-850F-9EB48DA3F1E1}.Release|x86.Build.0 = Release|Win32
		{F7BCE10D-22C3-4266-9BBA-660B9E6549EE}.Debug|x64.ActiveCfg = Debug|x64
		{F7BCE10D-22C3-4266-9BBA-660B9E6549EE}.Debug|x64.Build.0 = Debug|x64
		{F7BCE10D-22C3-4266-9BBA-660B9E6549EE}.Debug|x86.ActiveCfg = Debug|Win32
		{F7BCE10D-22C3-4266-9BBA-660B9E6549EE}.Debug|x86.Build.0 = Debug|Win32
		{F7BCE10D-22C3-4266-9BBA-660B9E6549EE}.Release|x64.ActiveCfg = Release|x64
		{F7BCE10D-22C3-4266-9BBA-660B9E6549EE}.Release|x64.Build.0 = Release|x64
		{F7BCE10D-22C3-4266-9BBA-660B9E6549EE}.Release|x86.ActiveCfg = Release|Win32
		{F7BCE10D-22C3-4266-9BBA-660B9E6549EE}.Release|x86.Build.0 = Release|Win32
		{44C187DA-0C1D-49B2-8CB6-378BB2519F3F}.Debug|x64.ActiveCfg = Debug|x64
		{44C187DA-0C1D-49B2-8CB6-378BB2519F3F}.Debug|x64.Build.0 = Debug|x64
		{44C187DA-0C1D-49B2-8CB6-378BB2519F3F}.Debug|x86.ActiveCfg = Debug|Win32
		{44C187DA-0C1D-49B2-8CB6-378BB2519F3F}.Debug|x86.Build.0 = Debug|Win32
		{44C187DA-0C1D-49B2-8CB6-378BB2519F3F}.Release|x64.ActiveCfg = Release|x64
		{44C187DA-0C1D-49B2-8CB6-378BB2519F3F}.Release|x64.Build.0 = Release|x64
		{44C187DA-0C1D-49B2-8CB6-378BB2519F3F}.Release|x86.ActiveCfg = Release|Win32
		{44C187DA-0C1D-49B2-8CB6-378BB2519F3F}.Release|x86.Build.0 = Release|Win32
		{11B70AF4-2D21-4C71-8F90-268BE8D47079}.Debug|x64.ActiveCfg = Debug|x64
		{11B70AF4-2D21-4C71-8F90-268BE8D47079}.Debug|x64.Build.0 = Debug|x64
		{11B70AF4-2D21-4C71-8F90-268BE8D47079}.Debug|x86.ActiveCfg = Debug|Win32
		{11B70AF4-2D21-4C71-8F90-268BE8D47079}.Debug|x86.Build.0 = Debug|Win32
		{11B70AF4-2D21-4C71-8F90-268BE8D47079}.Release|x64.ActiveCfg = Release|x64
		{11B70AF4-2D21-4C71-8F90-268BE8D47079}.Release|x64.Build.0 = Release|x64
		{11B70AF4-2D21-4C71-8F90-268BE8D47079}.Release|x86.ActiveCfg = Release|Win32
		{11B70AF4-2D21-4C71-8F90-268BE8D47079}.Release|x86.Build.0 = Release|Win32
		{E1EFCA94-00F1-4D18-B3DC-889F2427104B}.Debug|x64.ActiveCfg = Debug|x64
		{E1EFCA94-00F1-4D18-B3DC-889F2427104B}.Debug|x64.Build.0 = Debug|x64
		{E1EFCA94-00F1-4D18-B3DC-889F2427104B}.Debug|x86.ActiveCfg = Debug|Win32
		{E1EFCA94-00F1-4D18-B3DC-889F2427104B}.Debug|x86.Build.0 = Debug|Win32
		{E1EFCA94-00F1-4D18-B3DC-889F2427104B}.Release|x64.ActiveCfg = Release|x64
		{E1EFCA94-00F1-4D18-B3DC-889F2427104B}.Release|x64.Build.0 = Release|x64
		{E1EFCA94-00F1-4D18-B3DC-889F2427104B}.Release|x86.ActiveCfg = Release|Win32
		{E1EFCA94-00F1-4D18-B3DC-889F2427104B}.Release|x86.Build.0 = Release|Win32
		{81764D77-587E-4357-A1FA-BA50D5E03A8B}.Debug|x64.ActiveCfg = Debug|x64
		{81764D77-587E-4357-A1FA-BA50D5E03A8B}.Debug|x64.Build.0 = Debug|x64
		{81764D77-587E-4357-A1FA-BA50D5E03A8B}.Debug|x86.ActiveCfg = Debug|Win32
		{81764D77-587E-4357-A1FA-BA50D5E03A8B}.Debug|x86.Build.0 = Debug|Win32
		{81764D77-587E-4357-A1FA-BA50D5E03A8B}.Release|x64.ActiveCfg = Release|x64
		{81764D77-587E-4357-A1FA-BA50D5E03A8B}.Release|x64.Build.0 = Release|x64
		{81764D77-587E-4357-A1FA-BA50D5E03A8B}.Release|x86.ActiveCfg = Release|Win32
		{81764D77-587E-4357-A1FA-BA50D5E03A8B}.Release|x86.Build.0 = Release|Win32
		{C1F7C576-CB91-45D0-8C14-001EE57842CB}.Debug|x64.ActiveCfg = Debug|x64
		{C1F7C576-CB91-45D0-8C14-001EE57842CB}.Debug|x64.Build.0 = Debug|x64
		{C1F7C576-CB91-45D0-8C14-001EE57842CB}.Debug|x86.ActiveCfg = Debug|Win32
		{C1F7C576-CB91-45D0-8C14-001EE57842CB}.Debug|x86.Build.0 = Debug|Win32
		{C1F7C576-CB91-45D0-8C14-001EE57842CB}.Release|x64.ActiveCfg = Release|x64
		{C1F7C576-CB91-45D0-8C14-001EE57842CB}.Release|x64.Build.0 = Release|x64
		{C1F7C576-CB91-45D0-8C14-001EE57842CB}.Release|x86.ActiveCfg = Release|Win32
		{C1F7C576-CB91-45D0-8C14-001EE57842CB}.Release|x86.Build.0 = Release|Win32
		{A2A3532B-C334-4B85-831A-6278B47CD0B7}.Debug|x64.ActiveCfg = Debug|x64
		{A2A3532B-C334-4B85-831A-6278B47CD0B7}.Debug|x64.Build.0 = Debug|x64
		{A2A3532B-C334-4B85-831A-6278B47CD0B7}.Debug|x86.ActiveCfg = Debug|Win32
		{A2A3532B-C334-4B85-831A-6278B47CD0B7}.Debug|x86.Build.0 = Debug|Win32
		{A2A3532B-C334-4B85-831A-6278B47CD0B7}.Release|x64.ActiveCfg = Release|x64
		{A2A3532B-C334-4B85-831A-6278B47CD0B7}.Release|x64.Build.0 = Release|x64
		{A2A3532B-C334-4B85-831A-6278B47CD0B7}.Release|x86.ActiveCfg = Release|Win32
		{A2A3532B-C334-4B85-831A-6278B47CD0B7}.Release|x86.Build.0 = Release|Win32
		{8567C555-32E0-4F6B-8DC7-35B0FD8B358B}.Debug|x64.ActiveCfg = Debug|x64
		{8567C555-32E0-4F6B-8DC7-35B0FD8B358B}.Debug|x64.Build.0 = Debug|x64
		{8567C555-32E0-4F6B-8DC7-35B0FD8B358B}.Debug|x86.ActiveCfg = Debug|Win32
		{8567C555-32E0-4F6B-8DC7-35B0FD8B358B}.Debug|x86.Build.0 = Debug|Win32
		{8567C555-32E0-4F6B-8DC7-35B0FD8B358B}.Release|x64.ActiveCfg = Release|x64
		{8567C555-32E0-4F6B-8DC7-35B0FD8B358B}.Release|x64.Build.0 = Release|x64
		{8567C555-32E0-4F6B-8DC7-35B0FD8B358B}.Release|x86.ActiveCfg = Release|Win32
		{8567C555-32E0-4F6B-8DC7-35B0FD8B358B}.Release|x86.Build.0 = Release|Win32
		{CB32951B-66B5-4BBE-A204-DBB6617FE155}.Debug|x64.ActiveCfg = Debug|x64
		{CB32951B-66B5-4BBE-A204-DBB6617FE155}.Debug|x64.Build.0 = Debug|x64
		{CB32951B-66B5-4BBE-A204-DBB6617FE155}.Debug|x86.ActiveCfg = Debug|Win32
		{CB32951B-66B5-4BBE-A204-DBB6617FE155}.Debug|x86.Build.0 = Debug|Win32
		{CB32951B-66B5-4BBE-A204-DBB6617FE155}.Release|x64.ActiveCfg = Release|x64
		{CB32951B-66B5-4BBE-A204-DBB6617FE155}.Release|x64.Build.0 = Release|x64
		{CB32951B-66B5-4BBE-A204-DBB6617FE155}.Release|x86.ActiveCfg = Release|Win32
		{CB32951B-66B5-4BBE-A204-DBB6617FE155}.Release|x86.Build.0 = Release|Win32
		{06D45C0C-F554-4076-9AA0-28A54A178D21}.Debug|x64.ActiveCfg = Debug|x64
		{06D45C0C-F554-4076-9AA0-28A54A178D21}.Debug|x64.Build.0 = Debug|x64
		{06D45C0C-F554-4076-9AA0-28A54A178D21}.Debug|x86.ActiveCfg = Debug|Win32
		{06D45C0C-F554-4076-9AA0-28A54A178D21}.Debug|x86.Build.0 = Debug|Win32
		{06D45C0C-F554-4076-9AA0-28A54A178D21}.Release|x64.ActiveCfg = Release|x64
		{06D45C0C-F554-4076-9AA0-28A54A178D21}.Release|x64.Build.0 = Release|x64
		{06D45C0C-F554-4076-9AA0-28A54A178D21}.Release|x86.ActiveCfg = Release|Win32
		{06D45C0C-F554-4076-9AA0-28A54A178D21}.Release|x86.Build.0 = Release|Win32
		{FF328903-A1A1-4FB8-8880-CF457A038E6B}.Debug|x64.ActiveCfg = Debug|x64
		{FF328903-A1A1-4FB8-8880-CF457A038E6B}.Debug|x64.Build.0 = Debug|x64
		{FF328903-A1A1-4FB8-8880-CF457A038E6B}.Debug|x86.ActiveCfg = Debug|Win32
		{FF328903-A1A1-4FB8-8880-CF457A038E6B}.Debug|x86.Build.0 = Debug|Win32
		{FF328903-A1A1-4FB8-8880-CF457A038E6B}.Release|x64.ActiveCfg = Release|x64
		{FF328903-A1A1-4FB8-8880-CF457A038E6B}.Release|x64.Build.0 = Release|x64
		{FF328903-A1A1-4FB8-8880-CF457A038E6B}.Release|x86.ActiveCfg = Release|Win32
		{FF328903-A1A1-4FB8-8880-CF457A038E6B}.Release|x86.Build.0 = Release|Win32
		{E7F83AF0-D739-4771-BE5A-32B80E6B72AC}.Debug|x64.ActiveCfg = Debug|x64
		{E7F83AF0-D739-4771-BE5A-32B80E6B72AC}.Debug|x64.Build.0 = Debug|x64
		{E7F83AF0-D739-4771-BE5A-32B80E6B72AC}.Debug|x86.ActiveCfg = Debug|Win32
		{E7F83AF0-D739-4771-BE5A-32B80E6B72AC}.Debug|x86.Build.0 = Debug|Win32
		{E7F83AF0-D739-4771-BE5A-32B80E6B72AC}.Release|x64.ActiveCfg = Release|x64
		{E7F83AF0-D739-4771-BE5A-32B80E6B72AC}.Release|x64.Build.0 = Release|x64
		{E7F83AF0-D739-4771-BE5A-32B80E6B72AC}.Release|x86.ActiveCfg = Release|Win32
		{E7F83AF0-D739-4771-BE5A-32B80E6B72AC}.Release|x86.Build.0 = Release|Win32
		{FD0A8D6F-E76B-4C64-ABB9-1C35D63A3CE8}.Debug|x64.ActiveCfg = Debug|x64
		{FD0A8D6F-E76B-4C64-ABB9-1C35D63A3CE8}.Debug|x64.Build.0 = Debug|x64
		{FD0A8D6F-E76B-4C64-ABB9-1C35D63A3CE8}.Debug|x86.ActiveCfg = Debug|Win32
		{FD0A8D6F-E76B-4C64-ABB9-1C35D63A3CE8}.Debug|x86.Build.0 = Debug|Win32
		{FD0A8D6F-E76B-4C64-ABB9-1C35D63A3CE8}.Release|x64.ActiveCfg = Release|x64
		{FD0A8D6F-E76B-4C64-ABB9-1C35D63A3CE8}.Release|x64.Build.0 = Release|x64
		{FD0A8D6F-E76B-4C64-ABB9-1C35D63A3CE8}.Release|x86.ActiveCfg = Release|Win32
		{FD0A8D6F-E76B-4C64-ABB9-1C35D63A3CE8}.Release|x86.Build.0 = Release|Win32
		{FF79EFE6-E09C-4CED-834F-69E7D4F64213}.Debug|x64.ActiveCfg = Debug|x64
		{FF79EFE6-E09C-4CED-834F-69E7D4F64213}.Debug|x64.Build.0 = Debug|x64
		{FF79EFE6-E09C-4CED-834F-69E7D4F64213}.Debug|x86.ActiveCfg = Debug|Win32
		{FF79EFE6-E09C-4CED-834F-69E7D4F64213}.Debug|x86.Build.0 = Debug|Win32
		{FF79EFE6-E09C-4CED-834F-69E7D4F64213}.Release|x64.ActiveCfg = Release|x64
		{FF79EFE6-E09C-4CED-834F-69E7D4F64213}.Release|x64.Build.0 = Release|x64
		{FF79EFE6-E09C-4CED-834F-69E7D4F64213}.Release|x86.ActiveCfg = Release|Win32
		{FF79EFE6-E09C-4CED-834F-69E7D4F64213}.Release|x86.Build.0 = Release|Win32
		{BCE25C48-44A0-401A-B7C3-DC3E325AC1B9}.Debug|x64.ActiveCfg = Debug|x64
		{BCE25C48-44A0-401A-B7C3-DC3E325AC1B9}.Debug|x64.Build.0 = Debug|x64
		{BCE25C48-44A0-401A-B7C3-DC3E325AC1B9}.Debug|x86.ActiveCfg = Debug|Win32
		{BCE25C48-44A0-401A-B7C3-DC3E325AC1B9}.Debug|x86.Build.0 = Debug|Win32
		{BCE25C48-44A0-401A-B7C3-DC3E325AC1B9}.Release|x64.ActiveCfg = Release|x64
		{BCE25C48-44A0-401A-B7C3-DC3E325AC1B9}.Release|x64.Build.0 = Release|x64
		{BCE25C48-44A0-401A-B7C3-DC3E325AC1B9}.Release|x86.ActiveCfg = Release|Win32
		{BCE25C48-44A0-401A-B7C3-DC3E325AC1B9}.Release|x86.Build.0 = Release|Win32
		{E4CAF684-09D3-4E1B-A795-04E3257C10B5}.Debug|x64.ActiveCfg = Debug|x64
		{E4CAF684-09D3-4E1B-A795-04E3257C10B5}.Debug|x64.Build.0 = Debug|x64
		{E4CAF684-09D3-4E1B-A795-04E3257C10B5}.Debug|x86.ActiveCfg = Debug|Win32
		{E4CAF684-09D3-4E1B-A795-04E3257C10B5}.Debug|x86.Build.0 = Debug|Win32
		{E4CAF684-09D3-4E1B-A795-04E3257C10B5}.Release|x64.ActiveCfg = Release|x64
		{E4CAF684-09D3-4E1B-A795-04E3257C10B5}.Release|x64.Build.0 = Release|x64
		{E4CAF684-09D3-4E1B-A795-04E3257C10B5}.Release|x86.ActiveCfg = Release|Win32
		{E4CAF684-09D3-4E1B-A795-04E3257C10B5}.Release|x86.Build.0 = Release|Win32
		{716C7E16-DA49-412D-8961-AAE36116CB34}.Debug|x64.ActiveCfg = Debug|x64
		{716C7E16-DA49-412D-8961-AAE36116CB34}.Debug|x64.Build.0 = Debug|x64
		{716C7E16-DA49-412D-8961-AAE36116CB34}.Debug|x86.ActiveCfg = Debug|Win32
		{716C7E16-DA49-412D-8961-AAE36116CB34}.Debug|x86.Build.0 = Debug|Win32
		{716C7E16-DA49-412D-8961-AAE36116CB34}.Release|x64.ActiveCfg = Release|x64
		{716C7E16-DA49-412D-8961-AAE36116CB34}.Release|x64.Build.0 = Release|x64
		{716C7E16-DA49-412D-8961-AAE36116CB34}.Release|x86.ActiveCfg = Release|Win32
		{716C7E16-DA49-412D-8961-AAE36116CB34}.Release|x86.Build.0 = Release|Win32
		{83B534D1-0A47-4F94-982B-1143591D25F8}.Debug|x64.ActiveCfg = Debug|x64
		{83B534D1-0A47-4F94-982B-1143591D25F8}.Debug|x64.Build.0 = Debug|x64
		{83B534D1-0A47-4F94-982B-1143591D25F8}.Debug|x86.ActiveCfg = Debug|Win32
		{83B534D1-0A47-4F94-982B-1143591D25F8}.Debug|x86.Build.0 = Debug|Win32
		{83B534D1-0A47-4F94-982B-1143591D25F8}.Release|x64.ActiveCfg = Release|x64
		{83B534D1-0A47-4F94-982B-1143591D25F8}.Release|x64.Build.0 = Release|x64
		{83B534D1-0A47-4F94-982B-1143591D25F8}.Release|x86.ActiveCfg = Release|Win32
		{83B534D1-0A47-4F94-982B-1143591D25F8}.Release|x86.Build.0 = Release|Win32
		{04740B60-5D93-459A-819F-36C2F9798851}.Debug|x64.ActiveCfg = Debug|x64
		{04740B60-5D93-459A-819F-36C2F9798851}.Debug|x64.Build.0 = Debug|x64
		{04740B60-5D93-459A-819F-36C2F9798851}.Debug|x86.ActiveCfg = Debug|Win32
		{04740B60-5D93-459A-819F-36C2F9798851}.Debug|x86.Build.0 = Debug|Win32
		{04740B60-5D93-459A-819F-36C2F9798851}.Release|x64.ActiveCfg = Release|x64
		{04740B60-5D93-459A-819F-36C2F9798851}.Release|x64.Build.0 = Release|x64
		{04740B60-5D93-459A-819F-36C2F9798851}.Release|x86.ActiveCfg = Release|Win32
		{04740B60-5D93-459A-819F-36C2F9798851}.Release|x86.Build.0 = Release|Win32
		{6177D621-FCE9-4C74-96DB-7A09D6C1DA4F}.Debug|x64.ActiveCfg = Debug|x64
		{6177D621-FCE9-4C74-96DB-7A09D6C1DA4F}.Debug|x64.Build.0 = Debug|x64
		{6177D621-FCE9-4C74-96DB-7A09D6C1DA4F}.Debug|x86.ActiveCfg = Debug|Win32
		{6177D621-FCE9-4C74-96DB-7A09D6C1DA4F}.Debug|x86.Build.0 = Debug|Win32
		{6177D621-FCE9-4C74-96DB-7A09D6C1DA4F}.Release|x64.ActiveCfg = Release|x64
		{6177D621-FCE9-4C74-96DB-7A09D6C1DA4F}.Release|x64.Build.0 = Release|x64
		{6177D621-FCE9-4C74-96DB-7A09D6C1DA4F}.Release|x86.ActiveCfg = Release|Win32
		{6177D621-FCE9-4C74-96DB-7A09D6C1DA4F}.Release|x86.Build.0 = Release|Win32
		{B8873A85-7E7F-41EA-AE70-E8423133DBA0}.Debug|x64.ActiveCfg = Debug|x64
		{B8873A85-7E7F-41EA-AE70-E8423133DBA0}.Debug|x64.Build.0 = Debug|x64
		{B8873A85-7E7F-41EA-AE70-E8423133DBA0}.Debug|x86.ActiveCfg = Debug|Win32
		{B8873A85-7E7F-41EA-AE70-E8423133DBA0}.Debug|x86.Build.0 = Debug|Win32
		{B8873A85-7E7F-41EA-AE70-E8423133DBA0}.Release|x64.ActiveCfg = Release|x64
		{B8873A85-7E7F-41EA-AE70-E8423133DBA0}.Release|x64.Build.0 = Release|x64
		{B8873A85-7E7F-41EA-AE70-E8423133DBA0}.Release|x86.ActiveCfg = Release|Win32
		{B8873A85-7E7F-41EA-AE70-E8423133DBA0}.Release|x86.Build.0 = Release|Win32
		{6D0E0486-6D8B-473F-9543-9DEF46B05CF5}.Debug|x64.ActiveCfg = Debug|x64
		{6D0E0486-6D8B-473F-9543-9DEF46B05CF5}.Debug|x64.Build.0 = Debug|x64
		{6D0E0486-6D8B-473F-9543-9DEF46B05CF5}.Debug|x86.ActiveCfg = Debug|Win32
		{6D0E0486-6D8B-473F-9543-9DEF46B05CF5}.Debug|x86.Build.0 = Debug|Win32
		{6D0E0486-6D8B-473F-9543-9DEF46B05CF5}.Release|x64.ActiveCfg = Release|x64
		{6D0E0486-6D8B-473F-9543-9DEF46B05CF5}.Release|x64.Build.0 = Release|x64
		{6D0E0486-6D8B-473F-9543-9DEF46B05CF5}.Release|x86.ActiveCfg = Release|Win32
		{6D0E0486-6D8B-473F-9543-9DEF46B05CF5}.Release|x86.Build.0 = Release|Win32
		{E6DED355-17AC-4034-8368-716B7F97312E}.Debug|x64.ActiveCfg = Debug|x64
		{E6DED355-17AC-4034-8368-716B7F97312E}.Debug|x64.Build.0 = Debug|x64
		{E6DED355-17AC-4034-8368-716B7F97312E}.Debug|x86.ActiveCfg = Debug|Win32
		{E6DED355-17AC-4034-8368-716B7F97312E}.Debug|x86.Build.0 = Debug|Win32
		{E6DED355-17AC-4034-8368-716B7F97312E}.Release|x64.ActiveCfg = Release|x64
		{E6DED355-17AC-4034-8368-716B7F97312E}.Release|x64.Build.0 = Release|x64
		{E6DED355-17AC-4034-8368-716B7F97312E}.Release|x86.ActiveCfg = Release|Win32
		{E6DED355-17AC-4034-8368-716B7F97312E}.Release|x86.Build.0 = Release|Win32
		{1421C0EE-29D8-4DD2-B346-0758164453BE}.Debug|x64.ActiveCfg = Debug|x64
		{1421C0EE-29D8-4DD2-B346-0758164453BE}.Debug|x64.Build.0 = Debug|x64
		{1421C0EE-29D8-4DD2-B346-0758164453BE}.Debug|x86.ActiveCfg = Debug|Win32
		{1421C0EE-29D8-4DD2-B346-0758164453BE}.Debug|x86.Build.0 = Debug|Win32
		{1421C0EE-29D8-4DD2-B346-0758164453BE}.Release|x64.ActiveCfg = Release|x64
		{1421C0EE-29D8-4DD2-B346-0758164453BE}.Release|x64.Build.0 = Release|x64
		{1421C0EE-29D8-4DD2-B346-0758164453BE}.Release|x86.ActiveCfg = Release|Win32
		{1421C0EE-29D8-4DD2-B346-0758164453BE}.Release|x86.Build.0 = Release|Win32
	EndGlobalSection
	GlobalSection(SolutionProperties) = preSolution
		HideSolutionNode = FALSE
	EndGlobalSection
	GlobalSection(ExtensibilityGlobals) = postSolution
		SolutionGuid = {C3C7D40E-4539-431D-9415-CCBCCE2A45D2}
	EndGlobalSection
EndGlobal
