
Microsoft Visual Studio Solution File, Format Version 12.00
# Visual Studio 15
VisualStudioVersion = 15.0.26730.15
MinimumVisualStudioVersion = 10.0.40219.1
Project("{8BC9CEB8-8B4A-11D0-8D11-00A0C91BC942}") = "输出 Hello, World!", "输出 Hello, World!\输出 Hello, World!.vcxproj", "{062C1E91-0567-488F-8312-6DB9443FE1E3}"
EndProject
Project("{8BC9CEB8-8B4A-11D0-8D11-00A0C91BC942}") = "输出整数", "输出整数\输出整数.vcxproj", "{2790A27F-A56C-4275-BB98-0B035132FED8}"
EndProject
Project("{8BC9CEB8-8B4A-11D0-8D11-00A0C91BC942}") = "两个整数相加", "两个整数相加\两个整数相加.vcxproj", "{F522CBEB-CD81-4A60-ADD9-73AB6056D8B9}"
EndProject
Project("{8BC9CEB8-8B4A-11D0-8D11-00A0C91BC942}") = "两个浮点数相乘", "两个浮点数相乘\两个浮点数相乘.vcxproj", "{60C378CF-592F-4507-A476-403976890343}"
EndProject
Project("{8BC9CEB8-8B4A-11D0-8D11-00A0C91BC942}") = "字符转 ASCII 码", "字符转 ASCII 码\字符转 ASCII 码.vcxproj", "{D4214570-1420-4B77-BDE3-C762DF0B6525}"
EndProject
Project("{8BC9CEB8-8B4A-11D0-8D11-00A0C91BC942}") = "两数相除", "两数相除\两数相除.vcxproj", "{AD86FC3A-26F7-491F-8F71-2318E8678416}"
EndProject
Global
	GlobalSection(SolutionConfigurationPlatforms) = preSolution
		Debug|x64 = Debug|x64
		Debug|x86 = Debug|x86
		Release|x64 = Release|x64
		Release|x86 = Release|x86
	EndGlobalSection
	GlobalSection(ProjectConfigurationPlatforms) = postSolution
		{062C1E91-0567-488F-8312-6DB9443FE1E3}.Debug|x64.ActiveCfg = Debug|x64
		{062C1E91-0567-488F-8312-6DB9443FE1E3}.Debug|x64.Build.0 = Debug|x64
		{062C1E91-0567-488F-8312-6DB9443FE1E3}.Debug|x86.ActiveCfg = Debug|Win32
		{062C1E91-0567-488F-8312-6DB9443FE1E3}.Debug|x86.Build.0 = Debug|Win32
		{062C1E91-0567-488F-8312-6DB9443FE1E3}.Release|x64.ActiveCfg = Release|x64
		{062C1E91-0567-488F-8312-6DB9443FE1E3}.Release|x64.Build.0 = Release|x64
		{062C1E91-0567-488F-8312-6DB9443FE1E3}.Release|x86.ActiveCfg = Release|Win32
		{062C1E91-0567-488F-8312-6DB9443FE1E3}.Release|x86.Build.0 = Release|Win32
		{2790A27F-A56C-4275-BB98-0B035132FED8}.Debug|x64.ActiveCfg = Debug|x64
		{2790A27F-A56C-4275-BB98-0B035132FED8}.Debug|x64.Build.0 = Debug|x64
		{2790A27F-A56C-4275-BB98-0B035132FED8}.Debug|x86.ActiveCfg = Debug|Win32
		{2790A27F-A56C-4275-BB98-0B035132FED8}.Debug|x86.Build.0 = Debug|Win32
		{2790A27F-A56C-4275-BB98-0B035132FED8}.Release|x64.ActiveCfg = Release|x64
		{2790A27F-A56C-4275-BB98-0B035132FED8}.Release|x64.Build.0 = Release|x64
		{2790A27F-A56C-4275-BB98-0B035132FED8}.Release|x86.ActiveCfg = Release|Win32
		{2790A27F-A56C-4275-BB98-0B035132FED8}.Release|x86.Build.0 = Release|Win32
		{F522CBEB-CD81-4A60-ADD9-73AB6056D8B9}.Debug|x64.ActiveCfg = Debug|x64
		{F522CBEB-CD81-4A60-ADD9-73AB6056D8B9}.Debug|x64.Build.0 = Debug|x64
		{F522CBEB-CD81-4A60-ADD9-73AB6056D8B9}.Debug|x86.ActiveCfg = Debug|Win32
		{F522CBEB-CD81-4A60-ADD9-73AB6056D8B9}.Debug|x86.Build.0 = Debug|Win32
		{F522CBEB-CD81-4A60-ADD9-73AB6056D8B9}.Release|x64.ActiveCfg = Release|x64
		{F522CBEB-CD81-4A60-ADD9-73AB6056D8B9}.Release|x64.Build.0 = Release|x64
		{F522CBEB-CD81-4A60-ADD9-73AB6056D8B9}.Release|x86.ActiveCfg = Release|Win32
		{F522CBEB-CD81-4A60-ADD9-73AB6056D8B9}.Release|x86.Build.0 = Release|Win32
		{60C378CF-592F-4507-A476-403976890343}.Debug|x64.ActiveCfg = Debug|x64
		{60C378CF-592F-4507-A476-403976890343}.Debug|x64.Build.0 = Debug|x64
		{60C378CF-592F-4507-A476-403976890343}.Debug|x86.ActiveCfg = Debug|Win32
		{60C378CF-592F-4507-A476-403976890343}.Debug|x86.Build.0 = Debug|Win32
		{60C378CF-592F-4507-A476-403976890343}.Release|x64.ActiveCfg = Release|x64
		{60C378CF-592F-4507-A476-403976890343}.Release|x64.Build.0 = Release|x64
		{60C378CF-592F-4507-A476-403976890343}.Release|x86.ActiveCfg = Release|Win32
		{60C378CF-592F-4507-A476-403976890343}.Release|x86.Build.0 = Release|Win32
		{D4214570-1420-4B77-BDE3-C762DF0B6525}.Debug|x64.ActiveCfg = Debug|x64
		{D4214570-1420-4B77-BDE3-C762DF0B6525}.Debug|x64.Build.0 = Debug|x64
		{D4214570-1420-4B77-BDE3-C762DF0B6525}.Debug|x86.ActiveCfg = Debug|Win32
		{D4214570-1420-4B77-BDE3-C762DF0B6525}.Debug|x86.Build.0 = Debug|Win32
		{D4214570-1420-4B77-BDE3-C762DF0B6525}.Release|x64.ActiveCfg = Release|x64
		{D4214570-1420-4B77-BDE3-C762DF0B6525}.Release|x64.Build.0 = Release|x64
		{D4214570-1420-4B77-BDE3-C762DF0B6525}.Release|x86.ActiveCfg = Release|Win32
		{D4214570-1420-4B77-BDE3-C762DF0B6525}.Release|x86.Build.0 = Release|Win32
		{AD86FC3A-26F7-491F-8F71-2318E8678416}.Debug|x64.ActiveCfg = Debug|x64
		{AD86FC3A-26F7-491F-8F71-2318E8678416}.Debug|x64.Build.0 = Debug|x64
		{AD86FC3A-26F7-491F-8F71-2318E8678416}.Debug|x86.ActiveCfg = Debug|Win32
		{AD86FC3A-26F7-491F-8F71-2318E8678416}.Debug|x86.Build.0 = Debug|Win32
		{AD86FC3A-26F7-491F-8F71-2318E8678416}.Release|x64.ActiveCfg = Release|x64
		{AD86FC3A-26F7-491F-8F71-2318E8678416}.Release|x64.Build.0 = Release|x64
		{AD86FC3A-26F7-491F-8F71-2318E8678416}.Release|x86.ActiveCfg = Release|Win32
		{AD86FC3A-26F7-491F-8F71-2318E8678416}.Release|x86.Build.0 = Release|Win32
	EndGlobalSection
	GlobalSection(SolutionProperties) = preSolution
		HideSolutionNode = FALSE
	EndGlobalSection
	GlobalSection(ExtensibilityGlobals) = postSolution
		SolutionGuid = {B473EB23-7899-4814-97BA-C229B6ACC724}
	EndGlobalSection
EndGlobal
