
Microsoft Visual Studio Solution File, Format Version 12.00
# Visual Studio 15
VisualStudioVersion = 15.0.26730.15
MinimumVisualStudioVersion = 10.0.40219.1
Project("{8BC9CEB8-8B4A-11D0-8D11-00A0C91BC942}") = "输出 Hello, World!", "输出 Hello, World!\输出 Hello, World!.vcxproj", "{062C1E91-0567-488F-8312-6DB9443FE1E3}"
EndProject
Project("{8BC9CEB8-8B4A-11D0-8D11-00A0C91BC942}") = "输出整数", "输出整数\输出整数.vcxproj", "{2790A27F-A56C-4275-BB98-0B035132FED8}"
EndProject
Project("{8BC9CEB8-8B4A-11D0-8D11-00A0C91BC942}") = "两个整数相加", "两个整数相加\两个整数相加.vcxproj", "{F522CBEB-CD81-4A60-ADD9-73AB6056D8B9}"
EndProject
Project("{8BC9CEB8-8B4A-11D0-8D11-00A0C91BC942}") = "两个浮点数相乘", "两个浮点数相乘\两个浮点数相乘.vcxproj", "{60C378CF-592F-4507-A476-403976890343}"
EndProject
Project("{8BC9CEB8-8B4A-11D0-8D11-00A0C91BC942}") = "字符转 ASCII 码", "字符转 ASCII 码\字符转 ASCII 码.vcxproj", "{D4214570-1420-4B77-BDE3-C762DF0B6525}"
EndProject
Project("{8BC9CEB8-8B4A-11D0-8D11-00A0C91BC942}") = "两数相除", "两数相除\两数相除.vcxproj", "{AD86FC3A-26F7-491F-8F71-2318E8678416}"
EndProject
Project("{8BC9CEB8-8B4A-11D0-8D11-00A0C91BC942}") = "计算 int, float, double 和 char 字节大小", "计算 int, float, double 和 char 字节大小\计算 int, float, double 和 char 字节大小.vcxproj", "{CD6E4FD1-CA20-42DF-9FD1-25A95545B70A}"
EndProject
Project("{8BC9CEB8-8B4A-11D0-8D11-00A0C91BC942}") = "交换两个数的值", "交换两个数的值\交换两个数的值.vcxproj", "{97637CA3-35FD-4B8B-84A6-CF617DB774F4}"
EndProject
Project("{8BC9CEB8-8B4A-11D0-8D11-00A0C91BC942}") = "判断奇数偶数", "判断奇数偶数\判断奇数偶数.vcxproj", "{60616C47-7410-41B3-B75D-9349C173A307}"
EndProject
Project("{8BC9CEB8-8B4A-11D0-8D11-00A0C91BC942}") = "判断元音辅音", "判断元音辅音\判断元音辅音.vcxproj", "{3195FBC2-4935-44D6-94FC-B8173FE8539F}"
EndProject
Project("{8BC9CEB8-8B4A-11D0-8D11-00A0C91BC942}") = "判断三个数中的最大数", "判断三个数中的最大数\判断三个数中的最大数.vcxproj", "{E36A5CF4-B9CA-45B9-A72B-8D094C314BE5}"
EndProject
Project("{8BC9CEB8-8B4A-11D0-8D11-00A0C91BC942}") = "一元二次方程", "一元二次方程\一元二次方程.vcxproj", "{91F64AD1-D2BC-4738-BF26-12FC0B76DE57}"
EndProject
Project("{8BC9CEB8-8B4A-11D0-8D11-00A0C91BC942}") = "判断闰年", "判断闰年\判断闰年.vcxproj", "{F0EDC95D-3D7F-43AE-A42A-231737157862}"
EndProject
Project("{8BC9CEB8-8B4A-11D0-8D11-00A0C91BC942}") = "判断正数负数", "判断正数负数\判断正数负数.vcxproj", "{7475A9CF-2B76-4188-8D0A-AC0C819B0BB6}"
EndProject
Project("{8BC9CEB8-8B4A-11D0-8D11-00A0C91BC942}") = "判断字母", "判断字母\判断字母.vcxproj", "{EF713D6A-30C1-40A4-8EEA-33042A842E16}"
EndProject
Project("{8BC9CEB8-8B4A-11D0-8D11-00A0C91BC942}") = "计算自然数的和", "计算自然数的和\计算自然数的和.vcxproj", "{E41D26B4-DCE4-49CE-AD68-D7110E26F9B7}"
EndProject
Project("{8BC9CEB8-8B4A-11D0-8D11-00A0C91BC942}") = "输出九九乘法口诀表", "输出九九乘法口诀表\输出九九乘法口诀表.vcxproj", "{2CB6D614-C9BB-433B-8258-A691CD3CE953}"
EndProject
Project("{8BC9CEB8-8B4A-11D0-8D11-00A0C91BC942}") = "斐波那契数列", "斐波那契数列\斐波那契数列.vcxproj", "{7FB7D34E-2A67-4F2E-B0B7-FEC01FE8B309}"
EndProject
Project("{8BC9CEB8-8B4A-11D0-8D11-00A0C91BC942}") = "求两数的最大公约数", "求两数的最大公约数\求两数的最大公约数.vcxproj", "{00D907E3-1EA3-4E71-A913-E703921940A2}"
EndProject
Project("{8BC9CEB8-8B4A-11D0-8D11-00A0C91BC942}") = "求两数最小公倍数", "求两数最小公倍数\求两数最小公倍数.vcxproj", "{8FA6BE6B-CD30-4182-8C31-4B6E1360384E}"
EndProject
Project("{8BC9CEB8-8B4A-11D0-8D11-00A0C91BC942}") = "阶乘", "阶乘\阶乘.vcxproj", "{CDB4849C-C637-4CED-BB05-90B5BC3AE14B}"
EndProject
Global
	GlobalSection(SolutionConfigurationPlatforms) = preSolution
		Debug|x64 = Debug|x64
		Debug|x86 = Debug|x86
		Release|x64 = Release|x64
		Release|x86 = Release|x86
	EndGlobalSection
	GlobalSection(ProjectConfigurationPlatforms) = postSolution
		{062C1E91-0567-488F-8312-6DB9443FE1E3}.Debug|x64.ActiveCfg = Debug|x64
		{062C1E91-0567-488F-8312-6DB9443FE1E3}.Debug|x64.Build.0 = Debug|x64
		{062C1E91-0567-488F-8312-6DB9443FE1E3}.Debug|x86.ActiveCfg = Debug|Win32
		{062C1E91-0567-488F-8312-6DB9443FE1E3}.Debug|x86.Build.0 = Debug|Win32
		{062C1E91-0567-488F-8312-6DB9443FE1E3}.Release|x64.ActiveCfg = Release|x64
		{062C1E91-0567-488F-8312-6DB9443FE1E3}.Release|x64.Build.0 = Release|x64
		{062C1E91-0567-488F-8312-6DB9443FE1E3}.Release|x86.ActiveCfg = Release|Win32
		{062C1E91-0567-488F-8312-6DB9443FE1E3}.Release|x86.Build.0 = Release|Win32
		{2790A27F-A56C-4275-BB98-0B035132FED8}.Debug|x64.ActiveCfg = Debug|x64
		{2790A27F-A56C-4275-BB98-0B035132FED8}.Debug|x64.Build.0 = Debug|x64
		{2790A27F-A56C-4275-BB98-0B035132FED8}.Debug|x86.ActiveCfg = Debug|Win32
		{2790A27F-A56C-4275-BB98-0B035132FED8}.Debug|x86.Build.0 = Debug|Win32
		{2790A27F-A56C-4275-BB98-0B035132FED8}.Release|x64.ActiveCfg = Release|x64
		{2790A27F-A56C-4275-BB98-0B035132FED8}.Release|x64.Build.0 = Release|x64
		{2790A27F-A56C-4275-BB98-0B035132FED8}.Release|x86.ActiveCfg = Release|Win32
		{2790A27F-A56C-4275-BB98-0B035132FED8}.Release|x86.Build.0 = Release|Win32
		{F522CBEB-CD81-4A60-ADD9-73AB6056D8B9}.Debug|x64.ActiveCfg = Debug|x64
		{F522CBEB-CD81-4A60-ADD9-73AB6056D8B9}.Debug|x64.Build.0 = Debug|x64
		{F522CBEB-CD81-4A60-ADD9-73AB6056D8B9}.Debug|x86.ActiveCfg = Debug|Win32
		{F522CBEB-CD81-4A60-ADD9-73AB6056D8B9}.Debug|x86.Build.0 = Debug|Win32
		{F522CBEB-CD81-4A60-ADD9-73AB6056D8B9}.Release|x64.ActiveCfg = Release|x64
		{F522CBEB-CD81-4A60-ADD9-73AB6056D8B9}.Release|x64.Build.0 = Release|x64
		{F522CBEB-CD81-4A60-ADD9-73AB6056D8B9}.Release|x86.ActiveCfg = Release|Win32
		{F522CBEB-CD81-4A60-ADD9-73AB6056D8B9}.Release|x86.Build.0 = Release|Win32
		{60C378CF-592F-4507-A476-403976890343}.Debug|x64.ActiveCfg = Debug|x64
		{60C378CF-592F-4507-A476-403976890343}.Debug|x64.Build.0 = Debug|x64
		{60C378CF-592F-4507-A476-403976890343}.Debug|x86.ActiveCfg = Debug|Win32
		{60C378CF-592F-4507-A476-403976890343}.Debug|x86.Build.0 = Debug|Win32
		{60C378CF-592F-4507-A476-403976890343}.Release|x64.ActiveCfg = Release|x64
		{60C378CF-592F-4507-A476-403976890343}.Release|x64.Build.0 = Release|x64
		{60C378CF-592F-4507-A476-403976890343}.Release|x86.ActiveCfg = Release|Win32
		{60C378CF-592F-4507-A476-403976890343}.Release|x86.Build.0 = Release|Win32
		{D4214570-1420-4B77-BDE3-C762DF0B6525}.Debug|x64.ActiveCfg = Debug|x64
		{D4214570-1420-4B77-BDE3-C762DF0B6525}.Debug|x64.Build.0 = Debug|x64
		{D4214570-1420-4B77-BDE3-C762DF0B6525}.Debug|x86.ActiveCfg = Debug|Win32
		{D4214570-1420-4B77-BDE3-C762DF0B6525}.Debug|x86.Build.0 = Debug|Win32
		{D4214570-1420-4B77-BDE3-C762DF0B6525}.Release|x64.ActiveCfg = Release|x64
		{D4214570-1420-4B77-BDE3-C762DF0B6525}.Release|x64.Build.0 = Release|x64
		{D4214570-1420-4B77-BDE3-C762DF0B6525}.Release|x86.ActiveCfg = Release|Win32
		{D4214570-1420-4B77-BDE3-C762DF0B6525}.Release|x86.Build.0 = Release|Win32
		{AD86FC3A-26F7-491F-8F71-2318E8678416}.Debug|x64.ActiveCfg = Debug|x64
		{AD86FC3A-26F7-491F-8F71-2318E8678416}.Debug|x64.Build.0 = Debug|x64
		{AD86FC3A-26F7-491F-8F71-2318E8678416}.Debug|x86.ActiveCfg = Debug|Win32
		{AD86FC3A-26F7-491F-8F71-2318E8678416}.Debug|x86.Build.0 = Debug|Win32
		{AD86FC3A-26F7-491F-8F71-2318E8678416}.Release|x64.ActiveCfg = Release|x64
		{AD86FC3A-26F7-491F-8F71-2318E8678416}.Release|x64.Build.0 = Release|x64
		{AD86FC3A-26F7-491F-8F71-2318E8678416}.Release|x86.ActiveCfg = Release|Win32
		{AD86FC3A-26F7-491F-8F71-2318E8678416}.Release|x86.Build.0 = Release|Win32
		{CD6E4FD1-CA20-42DF-9FD1-25A95545B70A}.Debug|x64.ActiveCfg = Debug|x64
		{CD6E4FD1-CA20-42DF-9FD1-25A95545B70A}.Debug|x64.Build.0 = Debug|x64
		{CD6E4FD1-CA20-42DF-9FD1-25A95545B70A}.Debug|x86.ActiveCfg = Debug|Win32
		{CD6E4FD1-CA20-42DF-9FD1-25A95545B70A}.Debug|x86.Build.0 = Debug|Win32
		{CD6E4FD1-CA20-42DF-9FD1-25A95545B70A}.Release|x64.ActiveCfg = Release|x64
		{CD6E4FD1-CA20-42DF-9FD1-25A95545B70A}.Release|x64.Build.0 = Release|x64
		{CD6E4FD1-CA20-42DF-9FD1-25A95545B70A}.Release|x86.ActiveCfg = Release|Win32
		{CD6E4FD1-CA20-42DF-9FD1-25A95545B70A}.Release|x86.Build.0 = Release|Win32
		{97637CA3-35FD-4B8B-84A6-CF617DB774F4}.Debug|x64.ActiveCfg = Debug|x64
		{97637CA3-35FD-4B8B-84A6-CF617DB774F4}.Debug|x64.Build.0 = Debug|x64
		{97637CA3-35FD-4B8B-84A6-CF617DB774F4}.Debug|x86.ActiveCfg = Debug|Win32
		{97637CA3-35FD-4B8B-84A6-CF617DB774F4}.Debug|x86.Build.0 = Debug|Win32
		{97637CA3-35FD-4B8B-84A6-CF617DB774F4}.Release|x64.ActiveCfg = Release|x64
		{97637CA3-35FD-4B8B-84A6-CF617DB774F4}.Release|x64.Build.0 = Release|x64
		{97637CA3-35FD-4B8B-84A6-CF617DB774F4}.Release|x86.ActiveCfg = Release|Win32
		{97637CA3-35FD-4B8B-84A6-CF617DB774F4}.Release|x86.Build.0 = Release|Win32
		{60616C47-7410-41B3-B75D-9349C173A307}.Debug|x64.ActiveCfg = Debug|x64
		{60616C47-7410-41B3-B75D-9349C173A307}.Debug|x64.Build.0 = Debug|x64
		{60616C47-7410-41B3-B75D-9349C173A307}.Debug|x86.ActiveCfg = Debug|Win32
		{60616C47-7410-41B3-B75D-9349C173A307}.Debug|x86.Build.0 = Debug|Win32
		{60616C47-7410-41B3-B75D-9349C173A307}.Release|x64.ActiveCfg = Release|x64
		{60616C47-7410-41B3-B75D-9349C173A307}.Release|x64.Build.0 = Release|x64
		{60616C47-7410-41B3-B75D-9349C173A307}.Release|x86.ActiveCfg = Release|Win32
		{60616C47-7410-41B3-B75D-9349C173A307}.Release|x86.Build.0 = Release|Win32
		{3195FBC2-4935-44D6-94FC-B8173FE8539F}.Debug|x64.ActiveCfg = Debug|x64
		{3195FBC2-4935-44D6-94FC-B8173FE8539F}.Debug|x64.Build.0 = Debug|x64
		{3195FBC2-4935-44D6-94FC-B8173FE8539F}.Debug|x86.ActiveCfg = Debug|Win32
		{3195FBC2-4935-44D6-94FC-B8173FE8539F}.Debug|x86.Build.0 = Debug|Win32
		{3195FBC2-4935-44D6-94FC-B8173FE8539F}.Release|x64.ActiveCfg = Release|x64
		{3195FBC2-4935-44D6-94FC-B8173FE8539F}.Release|x64.Build.0 = Release|x64
		{3195FBC2-4935-44D6-94FC-B8173FE8539F}.Release|x86.ActiveCfg = Release|Win32
		{3195FBC2-4935-44D6-94FC-B8173FE8539F}.Release|x86.Build.0 = Release|Win32
		{E36A5CF4-B9CA-45B9-A72B-8D094C314BE5}.Debug|x64.ActiveCfg = Debug|x64
		{E36A5CF4-B9CA-45B9-A72B-8D094C314BE5}.Debug|x64.Build.0 = Debug|x64
		{E36A5CF4-B9CA-45B9-A72B-8D094C314BE5}.Debug|x86.ActiveCfg = Debug|Win32
		{E36A5CF4-B9CA-45B9-A72B-8D094C314BE5}.Debug|x86.Build.0 = Debug|Win32
		{E36A5CF4-B9CA-45B9-A72B-8D094C314BE5}.Release|x64.ActiveCfg = Release|x64
		{E36A5CF4-B9CA-45B9-A72B-8D094C314BE5}.Release|x64.Build.0 = Release|x64
		{E36A5CF4-B9CA-45B9-A72B-8D094C314BE5}.Release|x86.ActiveCfg = Release|Win32
		{E36A5CF4-B9CA-45B9-A72B-8D094C314BE5}.Release|x86.Build.0 = Release|Win32
		{91F64AD1-D2BC-4738-BF26-12FC0B76DE57}.Debug|x64.ActiveCfg = Debug|x64
		{91F64AD1-D2BC-4738-BF26-12FC0B76DE57}.Debug|x64.Build.0 = Debug|x64
		{91F64AD1-D2BC-4738-BF26-12FC0B76DE57}.Debug|x86.ActiveCfg = Debug|Win32
		{91F64AD1-D2BC-4738-BF26-12FC0B76DE57}.Debug|x86.Build.0 = Debug|Win32
		{91F64AD1-D2BC-4738-BF26-12FC0B76DE57}.Release|x64.ActiveCfg = Release|x64
		{91F64AD1-D2BC-4738-BF26-12FC0B76DE57}.Release|x64.Build.0 = Release|x64
		{91F64AD1-D2BC-4738-BF26-12FC0B76DE57}.Release|x86.ActiveCfg = Release|Win32
		{91F64AD1-D2BC-4738-BF26-12FC0B76DE57}.Release|x86.Build.0 = Release|Win32
		{F0EDC95D-3D7F-43AE-A42A-231737157862}.Debug|x64.ActiveCfg = Debug|x64
		{F0EDC95D-3D7F-43AE-A42A-231737157862}.Debug|x64.Build.0 = Debug|x64
		{F0EDC95D-3D7F-43AE-A42A-231737157862}.Debug|x86.ActiveCfg = Debug|Win32
		{F0EDC95D-3D7F-43AE-A42A-231737157862}.Debug|x86.Build.0 = Debug|Win32
		{F0EDC95D-3D7F-43AE-A42A-231737157862}.Release|x64.ActiveCfg = Release|x64
		{F0EDC95D-3D7F-43AE-A42A-231737157862}.Release|x64.Build.0 = Release|x64
		{F0EDC95D-3D7F-43AE-A42A-231737157862}.Release|x86.ActiveCfg = Release|Win32
		{F0EDC95D-3D7F-43AE-A42A-231737157862}.Release|x86.Build.0 = Release|Win32
		{7475A9CF-2B76-4188-8D0A-AC0C819B0BB6}.Debug|x64.ActiveCfg = Debug|x64
		{7475A9CF-2B76-4188-8D0A-AC0C819B0BB6}.Debug|x64.Build.0 = Debug|x64
		{7475A9CF-2B76-4188-8D0A-AC0C819B0BB6}.Debug|x86.ActiveCfg = Debug|Win32
		{7475A9CF-2B76-4188-8D0A-AC0C819B0BB6}.Debug|x86.Build.0 = Debug|Win32
		{7475A9CF-2B76-4188-8D0A-AC0C819B0BB6}.Release|x64.ActiveCfg = Release|x64
		{7475A9CF-2B76-4188-8D0A-AC0C819B0BB6}.Release|x64.Build.0 = Release|x64
		{7475A9CF-2B76-4188-8D0A-AC0C819B0BB6}.Release|x86.ActiveCfg = Release|Win32
		{7475A9CF-2B76-4188-8D0A-AC0C819B0BB6}.Release|x86.Build.0 = Release|Win32
		{EF713D6A-30C1-40A4-8EEA-33042A842E16}.Debug|x64.ActiveCfg = Debug|x64
		{EF713D6A-30C1-40A4-8EEA-33042A842E16}.Debug|x64.Build.0 = Debug|x64
		{EF713D6A-30C1-40A4-8EEA-33042A842E16}.Debug|x86.ActiveCfg = Debug|Win32
		{EF713D6A-30C1-40A4-8EEA-33042A842E16}.Debug|x86.Build.0 = Debug|Win32
		{EF713D6A-30C1-40A4-8EEA-33042A842E16}.Release|x64.ActiveCfg = Release|x64
		{EF713D6A-30C1-40A4-8EEA-33042A842E16}.Release|x64.Build.0 = Release|x64
		{EF713D6A-30C1-40A4-8EEA-33042A842E16}.Release|x86.ActiveCfg = Release|Win32
		{EF713D6A-30C1-40A4-8EEA-33042A842E16}.Release|x86.Build.0 = Release|Win32
		{E41D26B4-DCE4-49CE-AD68-D7110E26F9B7}.Debug|x64.ActiveCfg = Debug|x64
		{E41D26B4-DCE4-49CE-AD68-D7110E26F9B7}.Debug|x64.Build.0 = Debug|x64
		{E41D26B4-DCE4-49CE-AD68-D7110E26F9B7}.Debug|x86.ActiveCfg = Debug|Win32
		{E41D26B4-DCE4-49CE-AD68-D7110E26F9B7}.Debug|x86.Build.0 = Debug|Win32
		{E41D26B4-DCE4-49CE-AD68-D7110E26F9B7}.Release|x64.ActiveCfg = Release|x64
		{E41D26B4-DCE4-49CE-AD68-D7110E26F9B7}.Release|x64.Build.0 = Release|x64
		{E41D26B4-DCE4-49CE-AD68-D7110E26F9B7}.Release|x86.ActiveCfg = Release|Win32
		{E41D26B4-DCE4-49CE-AD68-D7110E26F9B7}.Release|x86.Build.0 = Release|Win32
		{2CB6D614-C9BB-433B-8258-A691CD3CE953}.Debug|x64.ActiveCfg = Debug|x64
		{2CB6D614-C9BB-433B-8258-A691CD3CE953}.Debug|x64.Build.0 = Debug|x64
		{2CB6D614-C9BB-433B-8258-A691CD3CE953}.Debug|x86.ActiveCfg = Debug|Win32
		{2CB6D614-C9BB-433B-8258-A691CD3CE953}.Debug|x86.Build.0 = Debug|Win32
		{2CB6D614-C9BB-433B-8258-A691CD3CE953}.Release|x64.ActiveCfg = Release|x64
		{2CB6D614-C9BB-433B-8258-A691CD3CE953}.Release|x64.Build.0 = Release|x64
		{2CB6D614-C9BB-433B-8258-A691CD3CE953}.Release|x86.ActiveCfg = Release|Win32
		{2CB6D614-C9BB-433B-8258-A691CD3CE953}.Release|x86.Build.0 = Release|Win32
		{7FB7D34E-2A67-4F2E-B0B7-FEC01FE8B309}.Debug|x64.ActiveCfg = Debug|x64
		{7FB7D34E-2A67-4F2E-B0B7-FEC01FE8B309}.Debug|x64.Build.0 = Debug|x64
		{7FB7D34E-2A67-4F2E-B0B7-FEC01FE8B309}.Debug|x86.ActiveCfg = Debug|Win32
		{7FB7D34E-2A67-4F2E-B0B7-FEC01FE8B309}.Debug|x86.Build.0 = Debug|Win32
		{7FB7D34E-2A67-4F2E-B0B7-FEC01FE8B309}.Release|x64.ActiveCfg = Release|x64
		{7FB7D34E-2A67-4F2E-B0B7-FEC01FE8B309}.Release|x64.Build.0 = Release|x64
		{7FB7D34E-2A67-4F2E-B0B7-FEC01FE8B309}.Release|x86.ActiveCfg = Release|Win32
		{7FB7D34E-2A67-4F2E-B0B7-FEC01FE8B309}.Release|x86.Build.0 = Release|Win32
		{00D907E3-1EA3-4E71-A913-E703921940A2}.Debug|x64.ActiveCfg = Debug|x64
		{00D907E3-1EA3-4E71-A913-E703921940A2}.Debug|x64.Build.0 = Debug|x64
		{00D907E3-1EA3-4E71-A913-E703921940A2}.Debug|x86.ActiveCfg = Debug|Win32
		{00D907E3-1EA3-4E71-A913-E703921940A2}.Debug|x86.Build.0 = Debug|Win32
		{00D907E3-1EA3-4E71-A913-E703921940A2}.Release|x64.ActiveCfg = Release|x64
		{00D907E3-1EA3-4E71-A913-E703921940A2}.Release|x64.Build.0 = Release|x64
		{00D907E3-1EA3-4E71-A913-E703921940A2}.Release|x86.ActiveCfg = Release|Win32
		{00D907E3-1EA3-4E71-A913-E703921940A2}.Release|x86.Build.0 = Release|Win32
		{8FA6BE6B-CD30-4182-8C31-4B6E1360384E}.Debug|x64.ActiveCfg = Debug|x64
		{8FA6BE6B-CD30-4182-8C31-4B6E1360384E}.Debug|x64.Build.0 = Debug|x64
		{8FA6BE6B-CD30-4182-8C31-4B6E1360384E}.Debug|x86.ActiveCfg = Debug|Win32
		{8FA6BE6B-CD30-4182-8C31-4B6E1360384E}.Debug|x86.Build.0 = Debug|Win32
		{8FA6BE6B-CD30-4182-8C31-4B6E1360384E}.Release|x64.ActiveCfg = Release|x64
		{8FA6BE6B-CD30-4182-8C31-4B6E1360384E}.Release|x64.Build.0 = Release|x64
		{8FA6BE6B-CD30-4182-8C31-4B6E1360384E}.Release|x86.ActiveCfg = Release|Win32
		{8FA6BE6B-CD30-4182-8C31-4B6E1360384E}.Release|x86.Build.0 = Release|Win32
		{CDB4849C-C637-4CED-BB05-90B5BC3AE14B}.Debug|x64.ActiveCfg = Debug|x64
		{CDB4849C-C637-4CED-BB05-90B5BC3AE14B}.Debug|x64.Build.0 = Debug|x64
		{CDB4849C-C637-4CED-BB05-90B5BC3AE14B}.Debug|x86.ActiveCfg = Debug|Win32
		{CDB4849C-C637-4CED-BB05-90B5BC3AE14B}.Debug|x86.Build.0 = Debug|Win32
		{CDB4849C-C637-4CED-BB05-90B5BC3AE14B}.Release|x64.ActiveCfg = Release|x64
		{CDB4849C-C637-4CED-BB05-90B5BC3AE14B}.Release|x64.Build.0 = Release|x64
		{CDB4849C-C637-4CED-BB05-90B5BC3AE14B}.Release|x86.ActiveCfg = Release|Win32
		{CDB4849C-C637-4CED-BB05-90B5BC3AE14B}.Release|x86.Build.0 = Release|Win32
	EndGlobalSection
	GlobalSection(SolutionProperties) = preSolution
		HideSolutionNode = FALSE
	EndGlobalSection
	GlobalSection(ExtensibilityGlobals) = postSolution
		SolutionGuid = {B473EB23-7899-4814-97BA-C229B6ACC724}
	EndGlobalSection
EndGlobal
