
Microsoft Visual Studio Solution File, Format Version 12.00
# Visual Studio 15
VisualStudioVersion = 15.0.26730.15
MinimumVisualStudioVersion = 10.0.40219.1
Project("{8BC9CEB8-8B4A-11D0-8D11-00A0C91BC942}") = "VS开发环境安装", "VS开发环境安装\VS开发环境安装.vcxproj", "{E5F4C724-7689-47A1-A81B-FD8DEA923C8B}"
EndProject
Project("{8BC9CEB8-8B4A-11D0-8D11-00A0C91BC942}") = "第一个程序", "第一个程序\第一个程序.vcxproj", "{F6F30289-3719-4DD6-A016-A4E6386ED614}"
EndProject
Project("{8BC9CEB8-8B4A-11D0-8D11-00A0C91BC942}") = "printf()和scanf()函数", "printf()和scanf()函数\printf()和scanf()函数.vcxproj", "{176B388A-AACD-4AC0-A279-D3BCD0CFDA7A}"
EndProject
Project("{8BC9CEB8-8B4A-11D0-8D11-00A0C91BC942}") = "变量", "变量\变量.vcxproj", "{A3887B6F-1C24-4081-A8AF-8CFD5B332E7E}"
EndProject
Project("{8BC9CEB8-8B4A-11D0-8D11-00A0C91BC942}") = "转义序列", "转义序列\转义序列.vcxproj", "{C96470D0-07EB-473A-9356-CFC8C305A8BB}"
EndProject
Project("{8BC9CEB8-8B4A-11D0-8D11-00A0C91BC942}") = "常量", "常量\常量.vcxproj", "{840BC296-F653-40F1-BB57-15A4D0172376}"
EndProject
Project("{8BC9CEB8-8B4A-11D0-8D11-00A0C91BC942}") = "if-else语句", "if-else语句\if-else语句.vcxproj", "{21D5AC0A-7E04-4BE1-93CA-6EE5B64B0CC1}"
EndProject
Project("{8BC9CEB8-8B4A-11D0-8D11-00A0C91BC942}") = "switch语句", "switch语句\switch语句.vcxproj", "{E55D7505-EB61-4D35-BCA3-92046B1ED3F6}"
EndProject
Project("{8BC9CEB8-8B4A-11D0-8D11-00A0C91BC942}") = "do-while循环", "do-while循环\do-while循环.vcxproj", "{ADE2FE3D-6202-4ACB-8CEA-3D918227CEF0}"
EndProject
Project("{8BC9CEB8-8B4A-11D0-8D11-00A0C91BC942}") = "while循环", "while循环\while循环.vcxproj", "{E1407618-6794-47E5-87DF-86B15873428D}"
EndProject
Project("{8BC9CEB8-8B4A-11D0-8D11-00A0C91BC942}") = "for循环", "for循环\for循环.vcxproj", "{DC74F028-8A9E-42FF-B85C-D9C897C30326}"
EndProject
Project("{8BC9CEB8-8B4A-11D0-8D11-00A0C91BC942}") = "break语句", "break语句\break语句.vcxproj", "{AEE3B56C-02AA-47F4-B670-939FFD16F964}"
EndProject
Project("{8BC9CEB8-8B4A-11D0-8D11-00A0C91BC942}") = "continue语句", "continue语句\continue语句.vcxproj", "{CCEAEE50-9748-4532-B51A-1D3477FE8292}"
EndProject
Project("{8BC9CEB8-8B4A-11D0-8D11-00A0C91BC942}") = "goto语句", "goto语句\goto语句.vcxproj", "{EB683361-57A9-4003-B431-6A457F0870A0}"
EndProject
Project("{8BC9CEB8-8B4A-11D0-8D11-00A0C91BC942}") = "类型转换", "类型转换\类型转换.vcxproj", "{F7AF2513-6DAE-4778-87AF-B3489DB8E8B6}"
EndProject
Project("{8BC9CEB8-8B4A-11D0-8D11-00A0C91BC942}") = "函数", "函数\函数.vcxproj", "{005E859B-796E-490B-855B-A8E758AEE7B3}"
EndProject
Project("{8BC9CEB8-8B4A-11D0-8D11-00A0C91BC942}") = "通过值和引用调用函数", "通过值和引用调用函数\通过值和引用调用函数.vcxproj", "{D9007E49-69CB-4F7C-98E5-79F995A5A7C0}"
EndProject
Project("{8BC9CEB8-8B4A-11D0-8D11-00A0C91BC942}") = "递归", "递归\递归.vcxproj", "{F774652D-CA1D-4B6B-9FCF-4E67C896F664}"
EndProject
Project("{8BC9CEB8-8B4A-11D0-8D11-00A0C91BC942}") = "存储分类", "存储分类\存储分类.vcxproj", "{B9BF6CA8-9E80-4AB8-9A6B-A99A3F0A2E06}"
EndProject
Project("{8BC9CEB8-8B4A-11D0-8D11-00A0C91BC942}") = "数组", "数组\数组.vcxproj", "{CA9959A0-8DFC-42B7-AB55-BD6CF2D1AC13}"
EndProject
Project("{8BC9CEB8-8B4A-11D0-8D11-00A0C91BC942}") = "二维数组", "二维数组\二维数组.vcxproj", "{DB7EEC36-5ECD-44CA-B463-40EB7DA39E77}"
EndProject
Project("{8BC9CEB8-8B4A-11D0-8D11-00A0C91BC942}") = "将数组传递给函数", "将数组传递给函数\将数组传递给函数.vcxproj", "{C5AE9BD5-1A8D-4300-A128-9936172BF6D9}"
EndProject
Project("{8BC9CEB8-8B4A-11D0-8D11-00A0C91BC942}") = "指针", "指针\指针.vcxproj", "{7A2CFF6A-33A6-41C2-8FC9-699F9169A33A}"
EndProject
Project("{8BC9CEB8-8B4A-11D0-8D11-00A0C91BC942}") = "指针的指针", "指针的指针\指针的指针.vcxproj", "{0B02D81D-E351-480B-8370-87AC9E3CF9BB}"
EndProject
Project("{8BC9CEB8-8B4A-11D0-8D11-00A0C91BC942}") = "指针算术运算", "指针算术运算\指针算术运算.vcxproj", "{64F5766A-A573-41C4-97E0-61D8EB694293}"
EndProject
Project("{8BC9CEB8-8B4A-11D0-8D11-00A0C91BC942}") = "字符串", "字符串\字符串.vcxproj", "{79DC5DA1-99FF-4157-BE22-A6AC400529E7}"
EndProject
Project("{8BC9CEB8-8B4A-11D0-8D11-00A0C91BC942}") = "gets()和puts()函数", "gets()和puts()函数\gets()和puts()函数.vcxproj", "{488C16D3-3D17-4F3B-8BE9-06CCF5309168}"
EndProject
Project("{8BC9CEB8-8B4A-11D0-8D11-00A0C91BC942}") = "strlen()函数", "strlen()函数\strlen()函数.vcxproj", "{84193445-F6F8-482B-BC7E-6256900226AC}"
EndProject
Project("{8BC9CEB8-8B4A-11D0-8D11-00A0C91BC942}") = "strcpy()函数", "strcpy()函数\strcpy()函数.vcxproj", "{F7183133-3684-4961-9292-644311E2E405}"
EndProject
Project("{8BC9CEB8-8B4A-11D0-8D11-00A0C91BC942}") = "strcat()函数", "strcat()函数\strcat()函数.vcxproj", "{2D0545A6-8557-4E54-8B7F-76B1C8C6D93C}"
EndProject
Project("{8BC9CEB8-8B4A-11D0-8D11-00A0C91BC942}") = "strcmp()函数", "strcmp()函数\strcmp()函数.vcxproj", "{C4F189C3-D398-48FB-B72B-3F029FF95C02}"
EndProject
Project("{8BC9CEB8-8B4A-11D0-8D11-00A0C91BC942}") = "strrev()函数", "strrev()函数\strrev()函数.vcxproj", "{9C795676-B3A1-4FBE-9868-C48EA136C2FA}"
EndProject
Project("{8BC9CEB8-8B4A-11D0-8D11-00A0C91BC942}") = "strlwr()函数", "strlwr()函数\strlwr()函数.vcxproj", "{987DEA1C-0B16-4E3B-A7A5-DA025CE33BDD}"
EndProject
Project("{8BC9CEB8-8B4A-11D0-8D11-00A0C91BC942}") = "strupr()函数", "strupr()函数\strupr()函数.vcxproj", "{B9F0FA0E-C348-40E3-86F0-5E3214E4C558}"
EndProject
Project("{8BC9CEB8-8B4A-11D0-8D11-00A0C91BC942}") = "结构体", "结构体\结构体.vcxproj", "{2D55F285-11C2-495D-9CEE-21D4A5B9B443}"
EndProject
Project("{8BC9CEB8-8B4A-11D0-8D11-00A0C91BC942}") = "结构体数组", "结构体数组\结构体数组.vcxproj", "{5A74C644-06B0-41E8-8CE9-8ED551C90A73}"
EndProject
Project("{8BC9CEB8-8B4A-11D0-8D11-00A0C91BC942}") = "结构体嵌套", "结构体嵌套\结构体嵌套.vcxproj", "{39F6676B-DD31-41B9-85FA-21B5D281CF49}"
EndProject
Project("{8BC9CEB8-8B4A-11D0-8D11-00A0C91BC942}") = "联合体", "联合体\联合体.vcxproj", "{5B896483-1D21-46F8-9DB8-3034B56D4FD8}"
EndProject
Project("{8BC9CEB8-8B4A-11D0-8D11-00A0C91BC942}") = "fprintf()和fscanf()函数", "fprintf()和fscanf()函数\fprintf()和fscanf()函数.vcxproj", "{3A0EEBFD-6018-4369-A938-8680C587A014}"
EndProject
Project("{8BC9CEB8-8B4A-11D0-8D11-00A0C91BC942}") = "fputc()和fgetc()函数", "fputc()和fgetc()函数\fputc()和fgetc()函数.vcxproj", "{FF8EAA19-9082-47DC-A9F1-A7203F517433}"
EndProject
Project("{8BC9CEB8-8B4A-11D0-8D11-00A0C91BC942}") = "fputs()和fgets()函数", "fputs()和fgets()函数\fputs()和fgets()函数.vcxproj", "{C074817F-A6D1-408D-A324-8BB5A9407950}"
EndProject
Project("{8BC9CEB8-8B4A-11D0-8D11-00A0C91BC942}") = "fseek()函数", "fseek()函数\fseek()函数.vcxproj", "{90AF07CB-F0F0-4D2E-A419-21A85BF81322}"
EndProject
Project("{8BC9CEB8-8B4A-11D0-8D11-00A0C91BC942}") = "rewind()函数", "rewind()函数\rewind()函数.vcxproj", "{B513DDF6-B8AC-4537-BFA1-541B19620098}"
EndProject
Project("{8BC9CEB8-8B4A-11D0-8D11-00A0C91BC942}") = "ftell()函数", "ftell()函数\ftell()函数.vcxproj", "{CD6BD1DE-2EE0-4147-AE20-22A855C94926}"
EndProject
Project("{8BC9CEB8-8B4A-11D0-8D11-00A0C91BC942}") = "宏", "宏\宏.vcxproj", "{6F6972F9-5BDE-4B8B-BD4B-6746B7763D45}"
EndProject
Project("{8BC9CEB8-8B4A-11D0-8D11-00A0C91BC942}") = "include指令", "include指令\include指令.vcxproj", "{2F11D9C0-82E3-4E34-8866-56028D7EBE0E}"
EndProject
Project("{8BC9CEB8-8B4A-11D0-8D11-00A0C91BC942}") = "define指令", "define指令\define指令.vcxproj", "{8776795E-480B-414D-A280-EF3750654FA4}"
EndProject
Project("{8BC9CEB8-8B4A-11D0-8D11-00A0C91BC942}") = "undef指令", "undef指令\undef指令.vcxproj", "{1A7ADC87-C581-42BA-BF8E-5410D056A60C}"
EndProject
Project("{8BC9CEB8-8B4A-11D0-8D11-00A0C91BC942}") = "ifdef指令", "ifdef指令\ifdef指令.vcxproj", "{916A8287-15BD-4135-B7A5-2D464BB9A8A2}"
EndProject
Project("{8BC9CEB8-8B4A-11D0-8D11-00A0C91BC942}") = "ifndef指令", "ifndef指令\ifndef指令.vcxproj", "{46B00DE0-0F5A-48AC-8319-82601F0BE806}"
EndProject
Project("{8BC9CEB8-8B4A-11D0-8D11-00A0C91BC942}") = "if指令", "if指令\if指令.vcxproj", "{DDA2C2C1-6DB2-4B9B-AC13-FA2171EC85DC}"
EndProject
Project("{8BC9CEB8-8B4A-11D0-8D11-00A0C91BC942}") = "error指令", "error指令\error指令.vcxproj", "{55550D25-B270-419D-8B72-D6D187EF9E69}"
EndProject
Project("{8BC9CEB8-8B4A-11D0-8D11-00A0C91BC942}") = "pragma指令", "pragma指令\pragma指令.vcxproj", "{018A7313-5A0E-4F8C-AF6F-A4009F090936}"
EndProject
Project("{8BC9CEB8-8B4A-11D0-8D11-00A0C91BC942}") = "数学函数", "数学函数\数学函数.vcxproj", "{2EE27603-0BE3-46C7-AFFC-539D5E368608}"
EndProject
Project("{8BC9CEB8-8B4A-11D0-8D11-00A0C91BC942}") = "命令行参数", "命令行参数\命令行参数.vcxproj", "{06386730-A193-4C7C-8F24-6A5D9AE3E5D5}"
EndProject
Global
	GlobalSection(SolutionConfigurationPlatforms) = preSolution
		Debug|x64 = Debug|x64
		Debug|x86 = Debug|x86
		Release|x64 = Release|x64
		Release|x86 = Release|x86
	EndGlobalSection
	GlobalSection(ProjectConfigurationPlatforms) = postSolution
		{E5F4C724-7689-47A1-A81B-FD8DEA923C8B}.Debug|x64.ActiveCfg = Debug|x64
		{E5F4C724-7689-47A1-A81B-FD8DEA923C8B}.Debug|x64.Build.0 = Debug|x64
		{E5F4C724-7689-47A1-A81B-FD8DEA923C8B}.Debug|x86.ActiveCfg = Debug|Win32
		{E5F4C724-7689-47A1-A81B-FD8DEA923C8B}.Debug|x86.Build.0 = Debug|Win32
		{E5F4C724-7689-47A1-A81B-FD8DEA923C8B}.Release|x64.ActiveCfg = Release|x64
		{E5F4C724-7689-47A1-A81B-FD8DEA923C8B}.Release|x64.Build.0 = Release|x64
		{E5F4C724-7689-47A1-A81B-FD8DEA923C8B}.Release|x86.ActiveCfg = Release|Win32
		{E5F4C724-7689-47A1-A81B-FD8DEA923C8B}.Release|x86.Build.0 = Release|Win32
		{F6F30289-3719-4DD6-A016-A4E6386ED614}.Debug|x64.ActiveCfg = Debug|x64
		{F6F30289-3719-4DD6-A016-A4E6386ED614}.Debug|x64.Build.0 = Debug|x64
		{F6F30289-3719-4DD6-A016-A4E6386ED614}.Debug|x86.ActiveCfg = Debug|Win32
		{F6F30289-3719-4DD6-A016-A4E6386ED614}.Debug|x86.Build.0 = Debug|Win32
		{F6F30289-3719-4DD6-A016-A4E6386ED614}.Release|x64.ActiveCfg = Release|x64
		{F6F30289-3719-4DD6-A016-A4E6386ED614}.Release|x64.Build.0 = Release|x64
		{F6F30289-3719-4DD6-A016-A4E6386ED614}.Release|x86.ActiveCfg = Release|Win32
		{F6F30289-3719-4DD6-A016-A4E6386ED614}.Release|x86.Build.0 = Release|Win32
		{176B388A-AACD-4AC0-A279-D3BCD0CFDA7A}.Debug|x64.ActiveCfg = Debug|x64
		{176B388A-AACD-4AC0-A279-D3BCD0CFDA7A}.Debug|x64.Build.0 = Debug|x64
		{176B388A-AACD-4AC0-A279-D3BCD0CFDA7A}.Debug|x86.ActiveCfg = Debug|Win32
		{176B388A-AACD-4AC0-A279-D3BCD0CFDA7A}.Debug|x86.Build.0 = Debug|Win32
		{176B388A-AACD-4AC0-A279-D3BCD0CFDA7A}.Release|x64.ActiveCfg = Release|x64
		{176B388A-AACD-4AC0-A279-D3BCD0CFDA7A}.Release|x64.Build.0 = Release|x64
		{176B388A-AACD-4AC0-A279-D3BCD0CFDA7A}.Release|x86.ActiveCfg = Release|Win32
		{176B388A-AACD-4AC0-A279-D3BCD0CFDA7A}.Release|x86.Build.0 = Release|Win32
		{A3887B6F-1C24-4081-A8AF-8CFD5B332E7E}.Debug|x64.ActiveCfg = Debug|x64
		{A3887B6F-1C24-4081-A8AF-8CFD5B332E7E}.Debug|x64.Build.0 = Debug|x64
		{A3887B6F-1C24-4081-A8AF-8CFD5B332E7E}.Debug|x86.ActiveCfg = Debug|Win32
		{A3887B6F-1C24-4081-A8AF-8CFD5B332E7E}.Debug|x86.Build.0 = Debug|Win32
		{A3887B6F-1C24-4081-A8AF-8CFD5B332E7E}.Release|x64.ActiveCfg = Release|x64
		{A3887B6F-1C24-4081-A8AF-8CFD5B332E7E}.Release|x64.Build.0 = Release|x64
		{A3887B6F-1C24-4081-A8AF-8CFD5B332E7E}.Release|x86.ActiveCfg = Release|Win32
		{A3887B6F-1C24-4081-A8AF-8CFD5B332E7E}.Release|x86.Build.0 = Release|Win32
		{C96470D0-07EB-473A-9356-CFC8C305A8BB}.Debug|x64.ActiveCfg = Debug|x64
		{C96470D0-07EB-473A-9356-CFC8C305A8BB}.Debug|x64.Build.0 = Debug|x64
		{C96470D0-07EB-473A-9356-CFC8C305A8BB}.Debug|x86.ActiveCfg = Debug|Win32
		{C96470D0-07EB-473A-9356-CFC8C305A8BB}.Debug|x86.Build.0 = Debug|Win32
		{C96470D0-07EB-473A-9356-CFC8C305A8BB}.Release|x64.ActiveCfg = Release|x64
		{C96470D0-07EB-473A-9356-CFC8C305A8BB}.Release|x64.Build.0 = Release|x64
		{C96470D0-07EB-473A-9356-CFC8C305A8BB}.Release|x86.ActiveCfg = Release|Win32
		{C96470D0-07EB-473A-9356-CFC8C305A8BB}.Release|x86.Build.0 = Release|Win32
		{840BC296-F653-40F1-BB57-15A4D0172376}.Debug|x64.ActiveCfg = Debug|x64
		{840BC296-F653-40F1-BB57-15A4D0172376}.Debug|x64.Build.0 = Debug|x64
		{840BC296-F653-40F1-BB57-15A4D0172376}.Debug|x86.ActiveCfg = Debug|Win32
		{840BC296-F653-40F1-BB57-15A4D0172376}.Debug|x86.Build.0 = Debug|Win32
		{840BC296-F653-40F1-BB57-15A4D0172376}.Release|x64.ActiveCfg = Release|x64
		{840BC296-F653-40F1-BB57-15A4D0172376}.Release|x64.Build.0 = Release|x64
		{840BC296-F653-40F1-BB57-15A4D0172376}.Release|x86.ActiveCfg = Release|Win32
		{840BC296-F653-40F1-BB57-15A4D0172376}.Release|x86.Build.0 = Release|Win32
		{21D5AC0A-7E04-4BE1-93CA-6EE5B64B0CC1}.Debug|x64.ActiveCfg = Debug|x64
		{21D5AC0A-7E04-4BE1-93CA-6EE5B64B0CC1}.Debug|x64.Build.0 = Debug|x64
		{21D5AC0A-7E04-4BE1-93CA-6EE5B64B0CC1}.Debug|x86.ActiveCfg = Debug|Win32
		{21D5AC0A-7E04-4BE1-93CA-6EE5B64B0CC1}.Debug|x86.Build.0 = Debug|Win32
		{21D5AC0A-7E04-4BE1-93CA-6EE5B64B0CC1}.Release|x64.ActiveCfg = Release|x64
		{21D5AC0A-7E04-4BE1-93CA-6EE5B64B0CC1}.Release|x64.Build.0 = Release|x64
		{21D5AC0A-7E04-4BE1-93CA-6EE5B64B0CC1}.Release|x86.ActiveCfg = Release|Win32
		{21D5AC0A-7E04-4BE1-93CA-6EE5B64B0CC1}.Release|x86.Build.0 = Release|Win32
		{E55D7505-EB61-4D35-BCA3-92046B1ED3F6}.Debug|x64.ActiveCfg = Debug|x64
		{E55D7505-EB61-4D35-BCA3-92046B1ED3F6}.Debug|x64.Build.0 = Debug|x64
		{E55D7505-EB61-4D35-BCA3-92046B1ED3F6}.Debug|x86.ActiveCfg = Debug|Win32
		{E55D7505-EB61-4D35-BCA3-92046B1ED3F6}.Debug|x86.Build.0 = Debug|Win32
		{E55D7505-EB61-4D35-BCA3-92046B1ED3F6}.Release|x64.ActiveCfg = Release|x64
		{E55D7505-EB61-4D35-BCA3-92046B1ED3F6}.Release|x64.Build.0 = Release|x64
		{E55D7505-EB61-4D35-BCA3-92046B1ED3F6}.Release|x86.ActiveCfg = Release|Win32
		{E55D7505-EB61-4D35-BCA3-92046B1ED3F6}.Release|x86.Build.0 = Release|Win32
		{ADE2FE3D-6202-4ACB-8CEA-3D918227CEF0}.Debug|x64.ActiveCfg = Debug|x64
		{ADE2FE3D-6202-4ACB-8CEA-3D918227CEF0}.Debug|x64.Build.0 = Debug|x64
		{ADE2FE3D-6202-4ACB-8CEA-3D918227CEF0}.Debug|x86.ActiveCfg = Debug|Win32
		{ADE2FE3D-6202-4ACB-8CEA-3D918227CEF0}.Debug|x86.Build.0 = Debug|Win32
		{ADE2FE3D-6202-4ACB-8CEA-3D918227CEF0}.Release|x64.ActiveCfg = Release|x64
		{ADE2FE3D-6202-4ACB-8CEA-3D918227CEF0}.Release|x64.Build.0 = Release|x64
		{ADE2FE3D-6202-4ACB-8CEA-3D918227CEF0}.Release|x86.ActiveCfg = Release|Win32
		{ADE2FE3D-6202-4ACB-8CEA-3D918227CEF0}.Release|x86.Build.0 = Release|Win32
		{E1407618-6794-47E5-87DF-86B15873428D}.Debug|x64.ActiveCfg = Debug|x64
		{E1407618-6794-47E5-87DF-86B15873428D}.Debug|x64.Build.0 = Debug|x64
		{E1407618-6794-47E5-87DF-86B15873428D}.Debug|x86.ActiveCfg = Debug|Win32
		{E1407618-6794-47E5-87DF-86B15873428D}.Debug|x86.Build.0 = Debug|Win32
		{E1407618-6794-47E5-87DF-86B15873428D}.Release|x64.ActiveCfg = Release|x64
		{E1407618-6794-47E5-87DF-86B15873428D}.Release|x64.Build.0 = Release|x64
		{E1407618-6794-47E5-87DF-86B15873428D}.Release|x86.ActiveCfg = Release|Win32
		{E1407618-6794-47E5-87DF-86B15873428D}.Release|x86.Build.0 = Release|Win32
		{DC74F028-8A9E-42FF-B85C-D9C897C30326}.Debug|x64.ActiveCfg = Debug|x64
		{DC74F028-8A9E-42FF-B85C-D9C897C30326}.Debug|x64.Build.0 = Debug|x64
		{DC74F028-8A9E-42FF-B85C-D9C897C30326}.Debug|x86.ActiveCfg = Debug|Win32
		{DC74F028-8A9E-42FF-B85C-D9C897C30326}.Debug|x86.Build.0 = Debug|Win32
		{DC74F028-8A9E-42FF-B85C-D9C897C30326}.Release|x64.ActiveCfg = Release|x64
		{DC74F028-8A9E-42FF-B85C-D9C897C30326}.Release|x64.Build.0 = Release|x64
		{DC74F028-8A9E-42FF-B85C-D9C897C30326}.Release|x86.ActiveCfg = Release|Win32
		{DC74F028-8A9E-42FF-B85C-D9C897C30326}.Release|x86.Build.0 = Release|Win32
		{AEE3B56C-02AA-47F4-B670-939FFD16F964}.Debug|x64.ActiveCfg = Debug|x64
		{AEE3B56C-02AA-47F4-B670-939FFD16F964}.Debug|x64.Build.0 = Debug|x64
		{AEE3B56C-02AA-47F4-B670-939FFD16F964}.Debug|x86.ActiveCfg = Debug|Win32
		{AEE3B56C-02AA-47F4-B670-939FFD16F964}.Debug|x86.Build.0 = Debug|Win32
		{AEE3B56C-02AA-47F4-B670-939FFD16F964}.Release|x64.ActiveCfg = Release|x64
		{AEE3B56C-02AA-47F4-B670-939FFD16F964}.Release|x64.Build.0 = Release|x64
		{AEE3B56C-02AA-47F4-B670-939FFD16F964}.Release|x86.ActiveCfg = Release|Win32
		{AEE3B56C-02AA-47F4-B670-939FFD16F964}.Release|x86.Build.0 = Release|Win32
		{CCEAEE50-9748-4532-B51A-1D3477FE8292}.Debug|x64.ActiveCfg = Debug|x64
		{CCEAEE50-9748-4532-B51A-1D3477FE8292}.Debug|x64.Build.0 = Debug|x64
		{CCEAEE50-9748-4532-B51A-1D3477FE8292}.Debug|x86.ActiveCfg = Debug|Win32
		{CCEAEE50-9748-4532-B51A-1D3477FE8292}.Debug|x86.Build.0 = Debug|Win32
		{CCEAEE50-9748-4532-B51A-1D3477FE8292}.Release|x64.ActiveCfg = Release|x64
		{CCEAEE50-9748-4532-B51A-1D3477FE8292}.Release|x64.Build.0 = Release|x64
		{CCEAEE50-9748-4532-B51A-1D3477FE8292}.Release|x86.ActiveCfg = Release|Win32
		{CCEAEE50-9748-4532-B51A-1D3477FE8292}.Release|x86.Build.0 = Release|Win32
		{EB683361-57A9-4003-B431-6A457F0870A0}.Debug|x64.ActiveCfg = Debug|x64
		{EB683361-57A9-4003-B431-6A457F0870A0}.Debug|x64.Build.0 = Debug|x64
		{EB683361-57A9-4003-B431-6A457F0870A0}.Debug|x86.ActiveCfg = Debug|Win32
		{EB683361-57A9-4003-B431-6A457F0870A0}.Debug|x86.Build.0 = Debug|Win32
		{EB683361-57A9-4003-B431-6A457F0870A0}.Release|x64.ActiveCfg = Release|x64
		{EB683361-57A9-4003-B431-6A457F0870A0}.Release|x64.Build.0 = Release|x64
		{EB683361-57A9-4003-B431-6A457F0870A0}.Release|x86.ActiveCfg = Release|Win32
		{EB683361-57A9-4003-B431-6A457F0870A0}.Release|x86.Build.0 = Release|Win32
		{F7AF2513-6DAE-4778-87AF-B3489DB8E8B6}.Debug|x64.ActiveCfg = Debug|x64
		{F7AF2513-6DAE-4778-87AF-B3489DB8E8B6}.Debug|x64.Build.0 = Debug|x64
		{F7AF2513-6DAE-4778-87AF-B3489DB8E8B6}.Debug|x86.ActiveCfg = Debug|Win32
		{F7AF2513-6DAE-4778-87AF-B3489DB8E8B6}.Debug|x86.Build.0 = Debug|Win32
		{F7AF2513-6DAE-4778-87AF-B3489DB8E8B6}.Release|x64.ActiveCfg = Release|x64
		{F7AF2513-6DAE-4778-87AF-B3489DB8E8B6}.Release|x64.Build.0 = Release|x64
		{F7AF2513-6DAE-4778-87AF-B3489DB8E8B6}.Release|x86.ActiveCfg = Release|Win32
		{F7AF2513-6DAE-4778-87AF-B3489DB8E8B6}.Release|x86.Build.0 = Release|Win32
		{005E859B-796E-490B-855B-A8E758AEE7B3}.Debug|x64.ActiveCfg = Debug|x64
		{005E859B-796E-490B-855B-A8E758AEE7B3}.Debug|x64.Build.0 = Debug|x64
		{005E859B-796E-490B-855B-A8E758AEE7B3}.Debug|x86.ActiveCfg = Debug|Win32
		{005E859B-796E-490B-855B-A8E758AEE7B3}.Debug|x86.Build.0 = Debug|Win32
		{005E859B-796E-490B-855B-A8E758AEE7B3}.Release|x64.ActiveCfg = Release|x64
		{005E859B-796E-490B-855B-A8E758AEE7B3}.Release|x64.Build.0 = Release|x64
		{005E859B-796E-490B-855B-A8E758AEE7B3}.Release|x86.ActiveCfg = Release|Win32
		{005E859B-796E-490B-855B-A8E758AEE7B3}.Release|x86.Build.0 = Release|Win32
		{D9007E49-69CB-4F7C-98E5-79F995A5A7C0}.Debug|x64.ActiveCfg = Debug|x64
		{D9007E49-69CB-4F7C-98E5-79F995A5A7C0}.Debug|x64.Build.0 = Debug|x64
		{D9007E49-69CB-4F7C-98E5-79F995A5A7C0}.Debug|x86.ActiveCfg = Debug|Win32
		{D9007E49-69CB-4F7C-98E5-79F995A5A7C0}.Debug|x86.Build.0 = Debug|Win32
		{D9007E49-69CB-4F7C-98E5-79F995A5A7C0}.Release|x64.ActiveCfg = Release|x64
		{D9007E49-69CB-4F7C-98E5-79F995A5A7C0}.Release|x64.Build.0 = Release|x64
		{D9007E49-69CB-4F7C-98E5-79F995A5A7C0}.Release|x86.ActiveCfg = Release|Win32
		{D9007E49-69CB-4F7C-98E5-79F995A5A7C0}.Release|x86.Build.0 = Release|Win32
		{F774652D-CA1D-4B6B-9FCF-4E67C896F664}.Debug|x64.ActiveCfg = Debug|x64
		{F774652D-CA1D-4B6B-9FCF-4E67C896F664}.Debug|x64.Build.0 = Debug|x64
		{F774652D-CA1D-4B6B-9FCF-4E67C896F664}.Debug|x86.ActiveCfg = Debug|Win32
		{F774652D-CA1D-4B6B-9FCF-4E67C896F664}.Debug|x86.Build.0 = Debug|Win32
		{F774652D-CA1D-4B6B-9FCF-4E67C896F664}.Release|x64.ActiveCfg = Release|x64
		{F774652D-CA1D-4B6B-9FCF-4E67C896F664}.Release|x64.Build.0 = Release|x64
		{F774652D-CA1D-4B6B-9FCF-4E67C896F664}.Release|x86.ActiveCfg = Release|Win32
		{F774652D-CA1D-4B6B-9FCF-4E67C896F664}.Release|x86.Build.0 = Release|Win32
		{B9BF6CA8-9E80-4AB8-9A6B-A99A3F0A2E06}.Debug|x64.ActiveCfg = Debug|x64
		{B9BF6CA8-9E80-4AB8-9A6B-A99A3F0A2E06}.Debug|x64.Build.0 = Debug|x64
		{B9BF6CA8-9E80-4AB8-9A6B-A99A3F0A2E06}.Debug|x86.ActiveCfg = Debug|Win32
		{B9BF6CA8-9E80-4AB8-9A6B-A99A3F0A2E06}.Debug|x86.Build.0 = Debug|Win32
		{B9BF6CA8-9E80-4AB8-9A6B-A99A3F0A2E06}.Release|x64.ActiveCfg = Release|x64
		{B9BF6CA8-9E80-4AB8-9A6B-A99A3F0A2E06}.Release|x64.Build.0 = Release|x64
		{B9BF6CA8-9E80-4AB8-9A6B-A99A3F0A2E06}.Release|x86.ActiveCfg = Release|Win32
		{B9BF6CA8-9E80-4AB8-9A6B-A99A3F0A2E06}.Release|x86.Build.0 = Release|Win32
		{CA9959A0-8DFC-42B7-AB55-BD6CF2D1AC13}.Debug|x64.ActiveCfg = Debug|x64
		{CA9959A0-8DFC-42B7-AB55-BD6CF2D1AC13}.Debug|x64.Build.0 = Debug|x64
		{CA9959A0-8DFC-42B7-AB55-BD6CF2D1AC13}.Debug|x86.ActiveCfg = Debug|Win32
		{CA9959A0-8DFC-42B7-AB55-BD6CF2D1AC13}.Debug|x86.Build.0 = Debug|Win32
		{CA9959A0-8DFC-42B7-AB55-BD6CF2D1AC13}.Release|x64.ActiveCfg = Release|x64
		{CA9959A0-8DFC-42B7-AB55-BD6CF2D1AC13}.Release|x64.Build.0 = Release|x64
		{CA9959A0-8DFC-42B7-AB55-BD6CF2D1AC13}.Release|x86.ActiveCfg = Release|Win32
		{CA9959A0-8DFC-42B7-AB55-BD6CF2D1AC13}.Release|x86.Build.0 = Release|Win32
		{DB7EEC36-5ECD-44CA-B463-40EB7DA39E77}.Debug|x64.ActiveCfg = Debug|x64
		{DB7EEC36-5ECD-44CA-B463-40EB7DA39E77}.Debug|x64.Build.0 = Debug|x64
		{DB7EEC36-5ECD-44CA-B463-40EB7DA39E77}.Debug|x86.ActiveCfg = Debug|Win32
		{DB7EEC36-5ECD-44CA-B463-40EB7DA39E77}.Debug|x86.Build.0 = Debug|Win32
		{DB7EEC36-5ECD-44CA-B463-40EB7DA39E77}.Release|x64.ActiveCfg = Release|x64
		{DB7EEC36-5ECD-44CA-B463-40EB7DA39E77}.Release|x64.Build.0 = Release|x64
		{DB7EEC36-5ECD-44CA-B463-40EB7DA39E77}.Release|x86.ActiveCfg = Release|Win32
		{DB7EEC36-5ECD-44CA-B463-40EB7DA39E77}.Release|x86.Build.0 = Release|Win32
		{C5AE9BD5-1A8D-4300-A128-9936172BF6D9}.Debug|x64.ActiveCfg = Debug|x64
		{C5AE9BD5-1A8D-4300-A128-9936172BF6D9}.Debug|x64.Build.0 = Debug|x64
		{C5AE9BD5-1A8D-4300-A128-9936172BF6D9}.Debug|x86.ActiveCfg = Debug|Win32
		{C5AE9BD5-1A8D-4300-A128-9936172BF6D9}.Debug|x86.Build.0 = Debug|Win32
		{C5AE9BD5-1A8D-4300-A128-9936172BF6D9}.Release|x64.ActiveCfg = Release|x64
		{C5AE9BD5-1A8D-4300-A128-9936172BF6D9}.Release|x64.Build.0 = Release|x64
		{C5AE9BD5-1A8D-4300-A128-9936172BF6D9}.Release|x86.ActiveCfg = Release|Win32
		{C5AE9BD5-1A8D-4300-A128-9936172BF6D9}.Release|x86.Build.0 = Release|Win32
		{7A2CFF6A-33A6-41C2-8FC9-699F9169A33A}.Debug|x64.ActiveCfg = Debug|x64
		{7A2CFF6A-33A6-41C2-8FC9-699F9169A33A}.Debug|x64.Build.0 = Debug|x64
		{7A2CFF6A-33A6-41C2-8FC9-699F9169A33A}.Debug|x86.ActiveCfg = Debug|Win32
		{7A2CFF6A-33A6-41C2-8FC9-699F9169A33A}.Debug|x86.Build.0 = Debug|Win32
		{7A2CFF6A-33A6-41C2-8FC9-699F9169A33A}.Release|x64.ActiveCfg = Release|x64
		{7A2CFF6A-33A6-41C2-8FC9-699F9169A33A}.Release|x64.Build.0 = Release|x64
		{7A2CFF6A-33A6-41C2-8FC9-699F9169A33A}.Release|x86.ActiveCfg = Release|Win32
		{7A2CFF6A-33A6-41C2-8FC9-699F9169A33A}.Release|x86.Build.0 = Release|Win32
		{0B02D81D-E351-480B-8370-87AC9E3CF9BB}.Debug|x64.ActiveCfg = Debug|x64
		{0B02D81D-E351-480B-8370-87AC9E3CF9BB}.Debug|x64.Build.0 = Debug|x64
		{0B02D81D-E351-480B-8370-87AC9E3CF9BB}.Debug|x86.ActiveCfg = Debug|Win32
		{0B02D81D-E351-480B-8370-87AC9E3CF9BB}.Debug|x86.Build.0 = Debug|Win32
		{0B02D81D-E351-480B-8370-87AC9E3CF9BB}.Release|x64.ActiveCfg = Release|x64
		{0B02D81D-E351-480B-8370-87AC9E3CF9BB}.Release|x64.Build.0 = Release|x64
		{0B02D81D-E351-480B-8370-87AC9E3CF9BB}.Release|x86.ActiveCfg = Release|Win32
		{0B02D81D-E351-480B-8370-87AC9E3CF9BB}.Release|x86.Build.0 = Release|Win32
		{64F5766A-A573-41C4-97E0-61D8EB694293}.Debug|x64.ActiveCfg = Debug|x64
		{64F5766A-A573-41C4-97E0-61D8EB694293}.Debug|x64.Build.0 = Debug|x64
		{64F5766A-A573-41C4-97E0-61D8EB694293}.Debug|x86.ActiveCfg = Debug|Win32
		{64F5766A-A573-41C4-97E0-61D8EB694293}.Debug|x86.Build.0 = Debug|Win32
		{64F5766A-A573-41C4-97E0-61D8EB694293}.Release|x64.ActiveCfg = Release|x64
		{64F5766A-A573-41C4-97E0-61D8EB694293}.Release|x64.Build.0 = Release|x64
		{64F5766A-A573-41C4-97E0-61D8EB694293}.Release|x86.ActiveCfg = Release|Win32
		{64F5766A-A573-41C4-97E0-61D8EB694293}.Release|x86.Build.0 = Release|Win32
		{79DC5DA1-99FF-4157-BE22-A6AC400529E7}.Debug|x64.ActiveCfg = Debug|x64
		{79DC5DA1-99FF-4157-BE22-A6AC400529E7}.Debug|x64.Build.0 = Debug|x64
		{79DC5DA1-99FF-4157-BE22-A6AC400529E7}.Debug|x86.ActiveCfg = Debug|Win32
		{79DC5DA1-99FF-4157-BE22-A6AC400529E7}.Debug|x86.Build.0 = Debug|Win32
		{79DC5DA1-99FF-4157-BE22-A6AC400529E7}.Release|x64.ActiveCfg = Release|x64
		{79DC5DA1-99FF-4157-BE22-A6AC400529E7}.Release|x64.Build.0 = Release|x64
		{79DC5DA1-99FF-4157-BE22-A6AC400529E7}.Release|x86.ActiveCfg = Release|Win32
		{79DC5DA1-99FF-4157-BE22-A6AC400529E7}.Release|x86.Build.0 = Release|Win32
		{488C16D3-3D17-4F3B-8BE9-06CCF5309168}.Debug|x64.ActiveCfg = Debug|x64
		{488C16D3-3D17-4F3B-8BE9-06CCF5309168}.Debug|x64.Build.0 = Debug|x64
		{488C16D3-3D17-4F3B-8BE9-06CCF5309168}.Debug|x86.ActiveCfg = Debug|Win32
		{488C16D3-3D17-4F3B-8BE9-06CCF5309168}.Debug|x86.Build.0 = Debug|Win32
		{488C16D3-3D17-4F3B-8BE9-06CCF5309168}.Release|x64.ActiveCfg = Release|x64
		{488C16D3-3D17-4F3B-8BE9-06CCF5309168}.Release|x64.Build.0 = Release|x64
		{488C16D3-3D17-4F3B-8BE9-06CCF5309168}.Release|x86.ActiveCfg = Release|Win32
		{488C16D3-3D17-4F3B-8BE9-06CCF5309168}.Release|x86.Build.0 = Release|Win32
		{84193445-F6F8-482B-BC7E-6256900226AC}.Debug|x64.ActiveCfg = Debug|x64
		{84193445-F6F8-482B-BC7E-6256900226AC}.Debug|x64.Build.0 = Debug|x64
		{84193445-F6F8-482B-BC7E-6256900226AC}.Debug|x86.ActiveCfg = Debug|Win32
		{84193445-F6F8-482B-BC7E-6256900226AC}.Debug|x86.Build.0 = Debug|Win32
		{84193445-F6F8-482B-BC7E-6256900226AC}.Release|x64.ActiveCfg = Release|x64
		{84193445-F6F8-482B-BC7E-6256900226AC}.Release|x64.Build.0 = Release|x64
		{84193445-F6F8-482B-BC7E-6256900226AC}.Release|x86.ActiveCfg = Release|Win32
		{84193445-F6F8-482B-BC7E-6256900226AC}.Release|x86.Build.0 = Release|Win32
		{F7183133-3684-4961-9292-644311E2E405}.Debug|x64.ActiveCfg = Debug|x64
		{F7183133-3684-4961-9292-644311E2E405}.Debug|x64.Build.0 = Debug|x64
		{F7183133-3684-4961-9292-644311E2E405}.Debug|x86.ActiveCfg = Debug|Win32
		{F7183133-3684-4961-9292-644311E2E405}.Debug|x86.Build.0 = Debug|Win32
		{F7183133-3684-4961-9292-644311E2E405}.Release|x64.ActiveCfg = Release|x64
		{F7183133-3684-4961-9292-644311E2E405}.Release|x64.Build.0 = Release|x64
		{F7183133-3684-4961-9292-644311E2E405}.Release|x86.ActiveCfg = Release|Win32
		{F7183133-3684-4961-9292-644311E2E405}.Release|x86.Build.0 = Release|Win32
		{2D0545A6-8557-4E54-8B7F-76B1C8C6D93C}.Debug|x64.ActiveCfg = Debug|x64
		{2D0545A6-8557-4E54-8B7F-76B1C8C6D93C}.Debug|x64.Build.0 = Debug|x64
		{2D0545A6-8557-4E54-8B7F-76B1C8C6D93C}.Debug|x86.ActiveCfg = Debug|Win32
		{2D0545A6-8557-4E54-8B7F-76B1C8C6D93C}.Debug|x86.Build.0 = Debug|Win32
		{2D0545A6-8557-4E54-8B7F-76B1C8C6D93C}.Release|x64.ActiveCfg = Release|x64
		{2D0545A6-8557-4E54-8B7F-76B1C8C6D93C}.Release|x64.Build.0 = Release|x64
		{2D0545A6-8557-4E54-8B7F-76B1C8C6D93C}.Release|x86.ActiveCfg = Release|Win32
		{2D0545A6-8557-4E54-8B7F-76B1C8C6D93C}.Release|x86.Build.0 = Release|Win32
		{C4F189C3-D398-48FB-B72B-3F029FF95C02}.Debug|x64.ActiveCfg = Debug|x64
		{C4F189C3-D398-48FB-B72B-3F029FF95C02}.Debug|x64.Build.0 = Debug|x64
		{C4F189C3-D398-48FB-B72B-3F029FF95C02}.Debug|x86.ActiveCfg = Debug|Win32
		{C4F189C3-D398-48FB-B72B-3F029FF95C02}.Debug|x86.Build.0 = Debug|Win32
		{C4F189C3-D398-48FB-B72B-3F029FF95C02}.Release|x64.ActiveCfg = Release|x64
		{C4F189C3-D398-48FB-B72B-3F029FF95C02}.Release|x64.Build.0 = Release|x64
		{C4F189C3-D398-48FB-B72B-3F029FF95C02}.Release|x86.ActiveCfg = Release|Win32
		{C4F189C3-D398-48FB-B72B-3F029FF95C02}.Release|x86.Build.0 = Release|Win32
		{9C795676-B3A1-4FBE-9868-C48EA136C2FA}.Debug|x64.ActiveCfg = Debug|x64
		{9C795676-B3A1-4FBE-9868-C48EA136C2FA}.Debug|x64.Build.0 = Debug|x64
		{9C795676-B3A1-4FBE-9868-C48EA136C2FA}.Debug|x86.ActiveCfg = Debug|Win32
		{9C795676-B3A1-4FBE-9868-C48EA136C2FA}.Debug|x86.Build.0 = Debug|Win32
		{9C795676-B3A1-4FBE-9868-C48EA136C2FA}.Release|x64.ActiveCfg = Release|x64
		{9C795676-B3A1-4FBE-9868-C48EA136C2FA}.Release|x64.Build.0 = Release|x64
		{9C795676-B3A1-4FBE-9868-C48EA136C2FA}.Release|x86.ActiveCfg = Release|Win32
		{9C795676-B3A1-4FBE-9868-C48EA136C2FA}.Release|x86.Build.0 = Release|Win32
		{987DEA1C-0B16-4E3B-A7A5-DA025CE33BDD}.Debug|x64.ActiveCfg = Debug|x64
		{987DEA1C-0B16-4E3B-A7A5-DA025CE33BDD}.Debug|x64.Build.0 = Debug|x64
		{987DEA1C-0B16-4E3B-A7A5-DA025CE33BDD}.Debug|x86.ActiveCfg = Debug|Win32
		{987DEA1C-0B16-4E3B-A7A5-DA025CE33BDD}.Debug|x86.Build.0 = Debug|Win32
		{987DEA1C-0B16-4E3B-A7A5-DA025CE33BDD}.Release|x64.ActiveCfg = Release|x64
		{987DEA1C-0B16-4E3B-A7A5-DA025CE33BDD}.Release|x64.Build.0 = Release|x64
		{987DEA1C-0B16-4E3B-A7A5-DA025CE33BDD}.Release|x86.ActiveCfg = Release|Win32
		{987DEA1C-0B16-4E3B-A7A5-DA025CE33BDD}.Release|x86.Build.0 = Release|Win32
		{B9F0FA0E-C348-40E3-86F0-5E3214E4C558}.Debug|x64.ActiveCfg = Debug|x64
		{B9F0FA0E-C348-40E3-86F0-5E3214E4C558}.Debug|x64.Build.0 = Debug|x64
		{B9F0FA0E-C348-40E3-86F0-5E3214E4C558}.Debug|x86.ActiveCfg = Debug|Win32
		{B9F0FA0E-C348-40E3-86F0-5E3214E4C558}.Debug|x86.Build.0 = Debug|Win32
		{B9F0FA0E-C348-40E3-86F0-5E3214E4C558}.Release|x64.ActiveCfg = Release|x64
		{B9F0FA0E-C348-40E3-86F0-5E3214E4C558}.Release|x64.Build.0 = Release|x64
		{B9F0FA0E-C348-40E3-86F0-5E3214E4C558}.Release|x86.ActiveCfg = Release|Win32
		{B9F0FA0E-C348-40E3-86F0-5E3214E4C558}.Release|x86.Build.0 = Release|Win32
		{2D55F285-11C2-495D-9CEE-21D4A5B9B443}.Debug|x64.ActiveCfg = Debug|x64
		{2D55F285-11C2-495D-9CEE-21D4A5B9B443}.Debug|x64.Build.0 = Debug|x64
		{2D55F285-11C2-495D-9CEE-21D4A5B9B443}.Debug|x86.ActiveCfg = Debug|Win32
		{2D55F285-11C2-495D-9CEE-21D4A5B9B443}.Debug|x86.Build.0 = Debug|Win32
		{2D55F285-11C2-495D-9CEE-21D4A5B9B443}.Release|x64.ActiveCfg = Release|x64
		{2D55F285-11C2-495D-9CEE-21D4A5B9B443}.Release|x64.Build.0 = Release|x64
		{2D55F285-11C2-495D-9CEE-21D4A5B9B443}.Release|x86.ActiveCfg = Release|Win32
		{2D55F285-11C2-495D-9CEE-21D4A5B9B443}.Release|x86.Build.0 = Release|Win32
		{5A74C644-06B0-41E8-8CE9-8ED551C90A73}.Debug|x64.ActiveCfg = Debug|x64
		{5A74C644-06B0-41E8-8CE9-8ED551C90A73}.Debug|x64.Build.0 = Debug|x64
		{5A74C644-06B0-41E8-8CE9-8ED551C90A73}.Debug|x86.ActiveCfg = Debug|Win32
		{5A74C644-06B0-41E8-8CE9-8ED551C90A73}.Debug|x86.Build.0 = Debug|Win32
		{5A74C644-06B0-41E8-8CE9-8ED551C90A73}.Release|x64.ActiveCfg = Release|x64
		{5A74C644-06B0-41E8-8CE9-8ED551C90A73}.Release|x64.Build.0 = Release|x64
		{5A74C644-06B0-41E8-8CE9-8ED551C90A73}.Release|x86.ActiveCfg = Release|Win32
		{5A74C644-06B0-41E8-8CE9-8ED551C90A73}.Release|x86.Build.0 = Release|Win32
		{39F6676B-DD31-41B9-85FA-21B5D281CF49}.Debug|x64.ActiveCfg = Debug|x64
		{39F6676B-DD31-41B9-85FA-21B5D281CF49}.Debug|x64.Build.0 = Debug|x64
		{39F6676B-DD31-41B9-85FA-21B5D281CF49}.Debug|x86.ActiveCfg = Debug|Win32
		{39F6676B-DD31-41B9-85FA-21B5D281CF49}.Debug|x86.Build.0 = Debug|Win32
		{39F6676B-DD31-41B9-85FA-21B5D281CF49}.Release|x64.ActiveCfg = Release|x64
		{39F6676B-DD31-41B9-85FA-21B5D281CF49}.Release|x64.Build.0 = Release|x64
		{39F6676B-DD31-41B9-85FA-21B5D281CF49}.Release|x86.ActiveCfg = Release|Win32
		{39F6676B-DD31-41B9-85FA-21B5D281CF49}.Release|x86.Build.0 = Release|Win32
		{5B896483-1D21-46F8-9DB8-3034B56D4FD8}.Debug|x64.ActiveCfg = Debug|x64
		{5B896483-1D21-46F8-9DB8-3034B56D4FD8}.Debug|x64.Build.0 = Debug|x64
		{5B896483-1D21-46F8-9DB8-3034B56D4FD8}.Debug|x86.ActiveCfg = Debug|Win32
		{5B896483-1D21-46F8-9DB8-3034B56D4FD8}.Debug|x86.Build.0 = Debug|Win32
		{5B896483-1D21-46F8-9DB8-3034B56D4FD8}.Release|x64.ActiveCfg = Release|x64
		{5B896483-1D21-46F8-9DB8-3034B56D4FD8}.Release|x64.Build.0 = Release|x64
		{5B896483-1D21-46F8-9DB8-3034B56D4FD8}.Release|x86.ActiveCfg = Release|Win32
		{5B896483-1D21-46F8-9DB8-3034B56D4FD8}.Release|x86.Build.0 = Release|Win32
		{3A0EEBFD-6018-4369-A938-8680C587A014}.Debug|x64.ActiveCfg = Debug|x64
		{3A0EEBFD-6018-4369-A938-8680C587A014}.Debug|x64.Build.0 = Debug|x64
		{3A0EEBFD-6018-4369-A938-8680C587A014}.Debug|x86.ActiveCfg = Debug|Win32
		{3A0EEBFD-6018-4369-A938-8680C587A014}.Debug|x86.Build.0 = Debug|Win32
		{3A0EEBFD-6018-4369-A938-8680C587A014}.Release|x64.ActiveCfg = Release|x64
		{3A0EEBFD-6018-4369-A938-8680C587A014}.Release|x64.Build.0 = Release|x64
		{3A0EEBFD-6018-4369-A938-8680C587A014}.Release|x86.ActiveCfg = Release|Win32
		{3A0EEBFD-6018-4369-A938-8680C587A014}.Release|x86.Build.0 = Release|Win32
		{FF8EAA19-9082-47DC-A9F1-A7203F517433}.Debug|x64.ActiveCfg = Debug|x64
		{FF8EAA19-9082-47DC-A9F1-A7203F517433}.Debug|x64.Build.0 = Debug|x64
		{FF8EAA19-9082-47DC-A9F1-A7203F517433}.Debug|x86.ActiveCfg = Debug|Win32
		{FF8EAA19-9082-47DC-A9F1-A7203F517433}.Debug|x86.Build.0 = Debug|Win32
		{FF8EAA19-9082-47DC-A9F1-A7203F517433}.Release|x64.ActiveCfg = Release|x64
		{FF8EAA19-9082-47DC-A9F1-A7203F517433}.Release|x64.Build.0 = Release|x64
		{FF8EAA19-9082-47DC-A9F1-A7203F517433}.Release|x86.ActiveCfg = Release|Win32
		{FF8EAA19-9082-47DC-A9F1-A7203F517433}.Release|x86.Build.0 = Release|Win32
		{C074817F-A6D1-408D-A324-8BB5A9407950}.Debug|x64.ActiveCfg = Debug|x64
		{C074817F-A6D1-408D-A324-8BB5A9407950}.Debug|x64.Build.0 = Debug|x64
		{C074817F-A6D1-408D-A324-8BB5A9407950}.Debug|x86.ActiveCfg = Debug|Win32
		{C074817F-A6D1-408D-A324-8BB5A9407950}.Debug|x86.Build.0 = Debug|Win32
		{C074817F-A6D1-408D-A324-8BB5A9407950}.Release|x64.ActiveCfg = Release|x64
		{C074817F-A6D1-408D-A324-8BB5A9407950}.Release|x64.Build.0 = Release|x64
		{C074817F-A6D1-408D-A324-8BB5A9407950}.Release|x86.ActiveCfg = Release|Win32
		{C074817F-A6D1-408D-A324-8BB5A9407950}.Release|x86.Build.0 = Release|Win32
		{90AF07CB-F0F0-4D2E-A419-21A85BF81322}.Debug|x64.ActiveCfg = Debug|x64
		{90AF07CB-F0F0-4D2E-A419-21A85BF81322}.Debug|x64.Build.0 = Debug|x64
		{90AF07CB-F0F0-4D2E-A419-21A85BF81322}.Debug|x86.ActiveCfg = Debug|Win32
		{90AF07CB-F0F0-4D2E-A419-21A85BF81322}.Debug|x86.Build.0 = Debug|Win32
		{90AF07CB-F0F0-4D2E-A419-21A85BF81322}.Release|x64.ActiveCfg = Release|x64
		{90AF07CB-F0F0-4D2E-A419-21A85BF81322}.Release|x64.Build.0 = Release|x64
		{90AF07CB-F0F0-4D2E-A419-21A85BF81322}.Release|x86.ActiveCfg = Release|Win32
		{90AF07CB-F0F0-4D2E-A419-21A85BF81322}.Release|x86.Build.0 = Release|Win32
		{B513DDF6-B8AC-4537-BFA1-541B19620098}.Debug|x64.ActiveCfg = Debug|x64
		{B513DDF6-B8AC-4537-BFA1-541B19620098}.Debug|x64.Build.0 = Debug|x64
		{B513DDF6-B8AC-4537-BFA1-541B19620098}.Debug|x86.ActiveCfg = Debug|Win32
		{B513DDF6-B8AC-4537-BFA1-541B19620098}.Debug|x86.Build.0 = Debug|Win32
		{B513DDF6-B8AC-4537-BFA1-541B19620098}.Release|x64.ActiveCfg = Release|x64
		{B513DDF6-B8AC-4537-BFA1-541B19620098}.Release|x64.Build.0 = Release|x64
		{B513DDF6-B8AC-4537-BFA1-541B19620098}.Release|x86.ActiveCfg = Release|Win32
		{B513DDF6-B8AC-4537-BFA1-541B19620098}.Release|x86.Build.0 = Release|Win32
		{CD6BD1DE-2EE0-4147-AE20-22A855C94926}.Debug|x64.ActiveCfg = Debug|x64
		{CD6BD1DE-2EE0-4147-AE20-22A855C94926}.Debug|x64.Build.0 = Debug|x64
		{CD6BD1DE-2EE0-4147-AE20-22A855C94926}.Debug|x86.ActiveCfg = Debug|Win32
		{CD6BD1DE-2EE0-4147-AE20-22A855C94926}.Debug|x86.Build.0 = Debug|Win32
		{CD6BD1DE-2EE0-4147-AE20-22A855C94926}.Release|x64.ActiveCfg = Release|x64
		{CD6BD1DE-2EE0-4147-AE20-22A855C94926}.Release|x64.Build.0 = Release|x64
		{CD6BD1DE-2EE0-4147-AE20-22A855C94926}.Release|x86.ActiveCfg = Release|Win32
		{CD6BD1DE-2EE0-4147-AE20-22A855C94926}.Release|x86.Build.0 = Release|Win32
		{6F6972F9-5BDE-4B8B-BD4B-6746B7763D45}.Debug|x64.ActiveCfg = Debug|x64
		{6F6972F9-5BDE-4B8B-BD4B-6746B7763D45}.Debug|x64.Build.0 = Debug|x64
		{6F6972F9-5BDE-4B8B-BD4B-6746B7763D45}.Debug|x86.ActiveCfg = Debug|Win32
		{6F6972F9-5BDE-4B8B-BD4B-6746B7763D45}.Debug|x86.Build.0 = Debug|Win32
		{6F6972F9-5BDE-4B8B-BD4B-6746B7763D45}.Release|x64.ActiveCfg = Release|x64
		{6F6972F9-5BDE-4B8B-BD4B-6746B7763D45}.Release|x64.Build.0 = Release|x64
		{6F6972F9-5BDE-4B8B-BD4B-6746B7763D45}.Release|x86.ActiveCfg = Release|Win32
		{6F6972F9-5BDE-4B8B-BD4B-6746B7763D45}.Release|x86.Build.0 = Release|Win32
		{2F11D9C0-82E3-4E34-8866-56028D7EBE0E}.Debug|x64.ActiveCfg = Debug|x64
		{2F11D9C0-82E3-4E34-8866-56028D7EBE0E}.Debug|x64.Build.0 = Debug|x64
		{2F11D9C0-82E3-4E34-8866-56028D7EBE0E}.Debug|x86.ActiveCfg = Debug|Win32
		{2F11D9C0-82E3-4E34-8866-56028D7EBE0E}.Debug|x86.Build.0 = Debug|Win32
		{2F11D9C0-82E3-4E34-8866-56028D7EBE0E}.Release|x64.ActiveCfg = Release|x64
		{2F11D9C0-82E3-4E34-8866-56028D7EBE0E}.Release|x64.Build.0 = Release|x64
		{2F11D9C0-82E3-4E34-8866-56028D7EBE0E}.Release|x86.ActiveCfg = Release|Win32
		{2F11D9C0-82E3-4E34-8866-56028D7EBE0E}.Release|x86.Build.0 = Release|Win32
		{8776795E-480B-414D-A280-EF3750654FA4}.Debug|x64.ActiveCfg = Debug|x64
		{8776795E-480B-414D-A280-EF3750654FA4}.Debug|x64.Build.0 = Debug|x64
		{8776795E-480B-414D-A280-EF3750654FA4}.Debug|x86.ActiveCfg = Debug|Win32
		{8776795E-480B-414D-A280-EF3750654FA4}.Debug|x86.Build.0 = Debug|Win32
		{8776795E-480B-414D-A280-EF3750654FA4}.Release|x64.ActiveCfg = Release|x64
		{8776795E-480B-414D-A280-EF3750654FA4}.Release|x64.Build.0 = Release|x64
		{8776795E-480B-414D-A280-EF3750654FA4}.Release|x86.ActiveCfg = Release|Win32
		{8776795E-480B-414D-A280-EF3750654FA4}.Release|x86.Build.0 = Release|Win32
		{1A7ADC87-C581-42BA-BF8E-5410D056A60C}.Debug|x64.ActiveCfg = Debug|x64
		{1A7ADC87-C581-42BA-BF8E-5410D056A60C}.Debug|x64.Build.0 = Debug|x64
		{1A7ADC87-C581-42BA-BF8E-5410D056A60C}.Debug|x86.ActiveCfg = Debug|Win32
		{1A7ADC87-C581-42BA-BF8E-5410D056A60C}.Debug|x86.Build.0 = Debug|Win32
		{1A7ADC87-C581-42BA-BF8E-5410D056A60C}.Release|x64.ActiveCfg = Release|x64
		{1A7ADC87-C581-42BA-BF8E-5410D056A60C}.Release|x64.Build.0 = Release|x64
		{1A7ADC87-C581-42BA-BF8E-5410D056A60C}.Release|x86.ActiveCfg = Release|Win32
		{1A7ADC87-C581-42BA-BF8E-5410D056A60C}.Release|x86.Build.0 = Release|Win32
		{916A8287-15BD-4135-B7A5-2D464BB9A8A2}.Debug|x64.ActiveCfg = Debug|x64
		{916A8287-15BD-4135-B7A5-2D464BB9A8A2}.Debug|x64.Build.0 = Debug|x64
		{916A8287-15BD-4135-B7A5-2D464BB9A8A2}.Debug|x86.ActiveCfg = Debug|Win32
		{916A8287-15BD-4135-B7A5-2D464BB9A8A2}.Debug|x86.Build.0 = Debug|Win32
		{916A8287-15BD-4135-B7A5-2D464BB9A8A2}.Release|x64.ActiveCfg = Release|x64
		{916A8287-15BD-4135-B7A5-2D464BB9A8A2}.Release|x64.Build.0 = Release|x64
		{916A8287-15BD-4135-B7A5-2D464BB9A8A2}.Release|x86.ActiveCfg = Release|Win32
		{916A8287-15BD-4135-B7A5-2D464BB9A8A2}.Release|x86.Build.0 = Release|Win32
		{46B00DE0-0F5A-48AC-8319-82601F0BE806}.Debug|x64.ActiveCfg = Debug|x64
		{46B00DE0-0F5A-48AC-8319-82601F0BE806}.Debug|x64.Build.0 = Debug|x64
		{46B00DE0-0F5A-48AC-8319-82601F0BE806}.Debug|x86.ActiveCfg = Debug|Win32
		{46B00DE0-0F5A-48AC-8319-82601F0BE806}.Debug|x86.Build.0 = Debug|Win32
		{46B00DE0-0F5A-48AC-8319-82601F0BE806}.Release|x64.ActiveCfg = Release|x64
		{46B00DE0-0F5A-48AC-8319-82601F0BE806}.Release|x64.Build.0 = Release|x64
		{46B00DE0-0F5A-48AC-8319-82601F0BE806}.Release|x86.ActiveCfg = Release|Win32
		{46B00DE0-0F5A-48AC-8319-82601F0BE806}.Release|x86.Build.0 = Release|Win32
		{DDA2C2C1-6DB2-4B9B-AC13-FA2171EC85DC}.Debug|x64.ActiveCfg = Debug|x64
		{DDA2C2C1-6DB2-4B9B-AC13-FA2171EC85DC}.Debug|x64.Build.0 = Debug|x64
		{DDA2C2C1-6DB2-4B9B-AC13-FA2171EC85DC}.Debug|x86.ActiveCfg = Debug|Win32
		{DDA2C2C1-6DB2-4B9B-AC13-FA2171EC85DC}.Debug|x86.Build.0 = Debug|Win32
		{DDA2C2C1-6DB2-4B9B-AC13-FA2171EC85DC}.Release|x64.ActiveCfg = Release|x64
		{DDA2C2C1-6DB2-4B9B-AC13-FA2171EC85DC}.Release|x64.Build.0 = Release|x64
		{DDA2C2C1-6DB2-4B9B-AC13-FA2171EC85DC}.Release|x86.ActiveCfg = Release|Win32
		{DDA2C2C1-6DB2-4B9B-AC13-FA2171EC85DC}.Release|x86.Build.0 = Release|Win32
		{55550D25-B270-419D-8B72-D6D187EF9E69}.Debug|x64.ActiveCfg = Debug|x64
		{55550D25-B270-419D-8B72-D6D187EF9E69}.Debug|x64.Build.0 = Debug|x64
		{55550D25-B270-419D-8B72-D6D187EF9E69}.Debug|x86.ActiveCfg = Debug|Win32
		{55550D25-B270-419D-8B72-D6D187EF9E69}.Debug|x86.Build.0 = Debug|Win32
		{55550D25-B270-419D-8B72-D6D187EF9E69}.Release|x64.ActiveCfg = Release|x64
		{55550D25-B270-419D-8B72-D6D187EF9E69}.Release|x64.Build.0 = Release|x64
		{55550D25-B270-419D-8B72-D6D187EF9E69}.Release|x86.ActiveCfg = Release|Win32
		{55550D25-B270-419D-8B72-D6D187EF9E69}.Release|x86.Build.0 = Release|Win32
		{018A7313-5A0E-4F8C-AF6F-A4009F090936}.Debug|x64.ActiveCfg = Debug|x64
		{018A7313-5A0E-4F8C-AF6F-A4009F090936}.Debug|x64.Build.0 = Debug|x64
		{018A7313-5A0E-4F8C-AF6F-A4009F090936}.Debug|x86.ActiveCfg = Debug|Win32
		{018A7313-5A0E-4F8C-AF6F-A4009F090936}.Debug|x86.Build.0 = Debug|Win32
		{018A7313-5A0E-4F8C-AF6F-A4009F090936}.Release|x64.ActiveCfg = Release|x64
		{018A7313-5A0E-4F8C-AF6F-A4009F090936}.Release|x64.Build.0 = Release|x64
		{018A7313-5A0E-4F8C-AF6F-A4009F090936}.Release|x86.ActiveCfg = Release|Win32
		{018A7313-5A0E-4F8C-AF6F-A4009F090936}.Release|x86.Build.0 = Release|Win32
		{2EE27603-0BE3-46C7-AFFC-539D5E368608}.Debug|x64.ActiveCfg = Debug|x64
		{2EE27603-0BE3-46C7-AFFC-539D5E368608}.Debug|x64.Build.0 = Debug|x64
		{2EE27603-0BE3-46C7-AFFC-539D5E368608}.Debug|x86.ActiveCfg = Debug|Win32
		{2EE27603-0BE3-46C7-AFFC-539D5E368608}.Debug|x86.Build.0 = Debug|Win32
		{2EE27603-0BE3-46C7-AFFC-539D5E368608}.Release|x64.ActiveCfg = Release|x64
		{2EE27603-0BE3-46C7-AFFC-539D5E368608}.Release|x64.Build.0 = Release|x64
		{2EE27603-0BE3-46C7-AFFC-539D5E368608}.Release|x86.ActiveCfg = Release|Win32
		{2EE27603-0BE3-46C7-AFFC-539D5E368608}.Release|x86.Build.0 = Release|Win32
		{06386730-A193-4C7C-8F24-6A5D9AE3E5D5}.Debug|x64.ActiveCfg = Debug|x64
		{06386730-A193-4C7C-8F24-6A5D9AE3E5D5}.Debug|x64.Build.0 = Debug|x64
		{06386730-A193-4C7C-8F24-6A5D9AE3E5D5}.Debug|x86.ActiveCfg = Debug|Win32
		{06386730-A193-4C7C-8F24-6A5D9AE3E5D5}.Debug|x86.Build.0 = Debug|Win32
		{06386730-A193-4C7C-8F24-6A5D9AE3E5D5}.Release|x64.ActiveCfg = Release|x64
		{06386730-A193-4C7C-8F24-6A5D9AE3E5D5}.Release|x64.Build.0 = Release|x64
		{06386730-A193-4C7C-8F24-6A5D9AE3E5D5}.Release|x86.ActiveCfg = Release|Win32
		{06386730-A193-4C7C-8F24-6A5D9AE3E5D5}.Release|x86.Build.0 = Release|Win32
	EndGlobalSection
	GlobalSection(SolutionProperties) = preSolution
		HideSolutionNode = FALSE
	EndGlobalSection
	GlobalSection(ExtensibilityGlobals) = postSolution
		SolutionGuid = {103FE1C2-7651-493F-8A37-98E774A1045A}
	EndGlobalSection
EndGlobal
