
Microsoft Visual Studio Solution File, Format Version 12.00
# Visual Studio 15
VisualStudioVersion = 15.0.26730.15
MinimumVisualStudioVersion = 10.0.40219.1
Project("{8BC9CEB8-8B4A-11D0-8D11-00A0C91BC942}") = "time.h", "time.h\time.h.vcxproj", "{FCF33B7A-0C02-4DC7-88EC-EB3097B9E854}"
EndProject
Project("{8BC9CEB8-8B4A-11D0-8D11-00A0C91BC942}") = "assert.h", "assert.h\assert.h.vcxproj", "{CF306009-45AB-46F3-B7D2-93D6C08D4723}"
EndProject
Project("{8BC9CEB8-8B4A-11D0-8D11-00A0C91BC942}") = "ctype.h", "ctype.h\ctype.h.vcxproj", "{F646C868-C2E6-4FDB-A0A0-AC308A7938A8}"
EndProject
Project("{8BC9CEB8-8B4A-11D0-8D11-00A0C91BC942}") = "errno.h", "errno.h\errno.h.vcxproj", "{5B52D770-27E5-4774-8A4F-54006F2DE53C}"
EndProject
Project("{8BC9CEB8-8B4A-11D0-8D11-00A0C91BC942}") = "float.h", "float.h\float.h.vcxproj", "{EA00A6F2-22FB-471E-BAE6-F778FC2E82C9}"
EndProject
Project("{8BC9CEB8-8B4A-11D0-8D11-00A0C91BC942}") = "limits.h", "limits.h\limits.h.vcxproj", "{5F615D82-F0DA-47DE-A780-58FBD770AB91}"
EndProject
Project("{8BC9CEB8-8B4A-11D0-8D11-00A0C91BC942}") = "locale.h", "locale.h\locale.h.vcxproj", "{0CC80E53-DC64-4D3E-9215-F3AE30F1AE24}"
EndProject
Project("{8BC9CEB8-8B4A-11D0-8D11-00A0C91BC942}") = "math.h", "math.h\math.h.vcxproj", "{79CD51BC-BC0B-4914-AE60-D4E0B91FD926}"
EndProject
Project("{8BC9CEB8-8B4A-11D0-8D11-00A0C91BC942}") = "setjmp.h", "setjmp.h\setjmp.h.vcxproj", "{F9C014C4-D134-4F6D-A33C-83EF35B9A2F7}"
EndProject
Project("{8BC9CEB8-8B4A-11D0-8D11-00A0C91BC942}") = "signal.h", "signal.h\signal.h.vcxproj", "{EEAF12FE-DBE3-4DE4-9D13-94CFDF6A0E4C}"
EndProject
Project("{8BC9CEB8-8B4A-11D0-8D11-00A0C91BC942}") = "stdarg.h", "stdarg.h\stdarg.h.vcxproj", "{F09EC233-ECA1-497E-8E42-02293E90D05C}"
EndProject
Global
	GlobalSection(SolutionConfigurationPlatforms) = preSolution
		Debug|x64 = Debug|x64
		Debug|x86 = Debug|x86
		Release|x64 = Release|x64
		Release|x86 = Release|x86
	EndGlobalSection
	GlobalSection(ProjectConfigurationPlatforms) = postSolution
		{FCF33B7A-0C02-4DC7-88EC-EB3097B9E854}.Debug|x64.ActiveCfg = Debug|x64
		{FCF33B7A-0C02-4DC7-88EC-EB3097B9E854}.Debug|x64.Build.0 = Debug|x64
		{FCF33B7A-0C02-4DC7-88EC-EB3097B9E854}.Debug|x86.ActiveCfg = Debug|Win32
		{FCF33B7A-0C02-4DC7-88EC-EB3097B9E854}.Debug|x86.Build.0 = Debug|Win32
		{FCF33B7A-0C02-4DC7-88EC-EB3097B9E854}.Release|x64.ActiveCfg = Release|x64
		{FCF33B7A-0C02-4DC7-88EC-EB3097B9E854}.Release|x64.Build.0 = Release|x64
		{FCF33B7A-0C02-4DC7-88EC-EB3097B9E854}.Release|x86.ActiveCfg = Release|Win32
		{FCF33B7A-0C02-4DC7-88EC-EB3097B9E854}.Release|x86.Build.0 = Release|Win32
		{CF306009-45AB-46F3-B7D2-93D6C08D4723}.Debug|x64.ActiveCfg = Debug|x64
		{CF306009-45AB-46F3-B7D2-93D6C08D4723}.Debug|x64.Build.0 = Debug|x64
		{CF306009-45AB-46F3-B7D2-93D6C08D4723}.Debug|x86.ActiveCfg = Debug|Win32
		{CF306009-45AB-46F3-B7D2-93D6C08D4723}.Debug|x86.Build.0 = Debug|Win32
		{CF306009-45AB-46F3-B7D2-93D6C08D4723}.Release|x64.ActiveCfg = Release|x64
		{CF306009-45AB-46F3-B7D2-93D6C08D4723}.Release|x64.Build.0 = Release|x64
		{CF306009-45AB-46F3-B7D2-93D6C08D4723}.Release|x86.ActiveCfg = Release|Win32
		{CF306009-45AB-46F3-B7D2-93D6C08D4723}.Release|x86.Build.0 = Release|Win32
		{F646C868-C2E6-4FDB-A0A0-AC308A7938A8}.Debug|x64.ActiveCfg = Debug|x64
		{F646C868-C2E6-4FDB-A0A0-AC308A7938A8}.Debug|x64.Build.0 = Debug|x64
		{F646C868-C2E6-4FDB-A0A0-AC308A7938A8}.Debug|x86.ActiveCfg = Debug|Win32
		{F646C868-C2E6-4FDB-A0A0-AC308A7938A8}.Debug|x86.Build.0 = Debug|Win32
		{F646C868-C2E6-4FDB-A0A0-AC308A7938A8}.Release|x64.ActiveCfg = Release|x64
		{F646C868-C2E6-4FDB-A0A0-AC308A7938A8}.Release|x64.Build.0 = Release|x64
		{F646C868-C2E6-4FDB-A0A0-AC308A7938A8}.Release|x86.ActiveCfg = Release|Win32
		{F646C868-C2E6-4FDB-A0A0-AC308A7938A8}.Release|x86.Build.0 = Release|Win32
		{5B52D770-27E5-4774-8A4F-54006F2DE53C}.Debug|x64.ActiveCfg = Debug|x64
		{5B52D770-27E5-4774-8A4F-54006F2DE53C}.Debug|x64.Build.0 = Debug|x64
		{5B52D770-27E5-4774-8A4F-54006F2DE53C}.Debug|x86.ActiveCfg = Debug|Win32
		{5B52D770-27E5-4774-8A4F-54006F2DE53C}.Debug|x86.Build.0 = Debug|Win32
		{5B52D770-27E5-4774-8A4F-54006F2DE53C}.Release|x64.ActiveCfg = Release|x64
		{5B52D770-27E5-4774-8A4F-54006F2DE53C}.Release|x64.Build.0 = Release|x64
		{5B52D770-27E5-4774-8A4F-54006F2DE53C}.Release|x86.ActiveCfg = Release|Win32
		{5B52D770-27E5-4774-8A4F-54006F2DE53C}.Release|x86.Build.0 = Release|Win32
		{EA00A6F2-22FB-471E-BAE6-F778FC2E82C9}.Debug|x64.ActiveCfg = Debug|x64
		{EA00A6F2-22FB-471E-BAE6-F778FC2E82C9}.Debug|x64.Build.0 = Debug|x64
		{EA00A6F2-22FB-471E-BAE6-F778FC2E82C9}.Debug|x86.ActiveCfg = Debug|Win32
		{EA00A6F2-22FB-471E-BAE6-F778FC2E82C9}.Debug|x86.Build.0 = Debug|Win32
		{EA00A6F2-22FB-471E-BAE6-F778FC2E82C9}.Release|x64.ActiveCfg = Release|x64
		{EA00A6F2-22FB-471E-BAE6-F778FC2E82C9}.Release|x64.Build.0 = Release|x64
		{EA00A6F2-22FB-471E-BAE6-F778FC2E82C9}.Release|x86.ActiveCfg = Release|Win32
		{EA00A6F2-22FB-471E-BAE6-F778FC2E82C9}.Release|x86.Build.0 = Release|Win32
		{5F615D82-F0DA-47DE-A780-58FBD770AB91}.Debug|x64.ActiveCfg = Debug|x64
		{5F615D82-F0DA-47DE-A780-58FBD770AB91}.Debug|x64.Build.0 = Debug|x64
		{5F615D82-F0DA-47DE-A780-58FBD770AB91}.Debug|x86.ActiveCfg = Debug|Win32
		{5F615D82-F0DA-47DE-A780-58FBD770AB91}.Debug|x86.Build.0 = Debug|Win32
		{5F615D82-F0DA-47DE-A780-58FBD770AB91}.Release|x64.ActiveCfg = Release|x64
		{5F615D82-F0DA-47DE-A780-58FBD770AB91}.Release|x64.Build.0 = Release|x64
		{5F615D82-F0DA-47DE-A780-58FBD770AB91}.Release|x86.ActiveCfg = Release|Win32
		{5F615D82-F0DA-47DE-A780-58FBD770AB91}.Release|x86.Build.0 = Release|Win32
		{0CC80E53-DC64-4D3E-9215-F3AE30F1AE24}.Debug|x64.ActiveCfg = Debug|x64
		{0CC80E53-DC64-4D3E-9215-F3AE30F1AE24}.Debug|x64.Build.0 = Debug|x64
		{0CC80E53-DC64-4D3E-9215-F3AE30F1AE24}.Debug|x86.ActiveCfg = Debug|Win32
		{0CC80E53-DC64-4D3E-9215-F3AE30F1AE24}.Debug|x86.Build.0 = Debug|Win32
		{0CC80E53-DC64-4D3E-9215-F3AE30F1AE24}.Release|x64.ActiveCfg = Release|x64
		{0CC80E53-DC64-4D3E-9215-F3AE30F1AE24}.Release|x64.Build.0 = Release|x64
		{0CC80E53-DC64-4D3E-9215-F3AE30F1AE24}.Release|x86.ActiveCfg = Release|Win32
		{0CC80E53-DC64-4D3E-9215-F3AE30F1AE24}.Release|x86.Build.0 = Release|Win32
		{79CD51BC-BC0B-4914-AE60-D4E0B91FD926}.Debug|x64.ActiveCfg = Debug|x64
		{79CD51BC-BC0B-4914-AE60-D4E0B91FD926}.Debug|x64.Build.0 = Debug|x64
		{79CD51BC-BC0B-4914-AE60-D4E0B91FD926}.Debug|x86.ActiveCfg = Debug|Win32
		{79CD51BC-BC0B-4914-AE60-D4E0B91FD926}.Debug|x86.Build.0 = Debug|Win32
		{79CD51BC-BC0B-4914-AE60-D4E0B91FD926}.Release|x64.ActiveCfg = Release|x64
		{79CD51BC-BC0B-4914-AE60-D4E0B91FD926}.Release|x64.Build.0 = Release|x64
		{79CD51BC-BC0B-4914-AE60-D4E0B91FD926}.Release|x86.ActiveCfg = Release|Win32
		{79CD51BC-BC0B-4914-AE60-D4E0B91FD926}.Release|x86.Build.0 = Release|Win32
		{F9C014C4-D134-4F6D-A33C-83EF35B9A2F7}.Debug|x64.ActiveCfg = Debug|x64
		{F9C014C4-D134-4F6D-A33C-83EF35B9A2F7}.Debug|x64.Build.0 = Debug|x64
		{F9C014C4-D134-4F6D-A33C-83EF35B9A2F7}.Debug|x86.ActiveCfg = Debug|Win32
		{F9C014C4-D134-4F6D-A33C-83EF35B9A2F7}.Debug|x86.Build.0 = Debug|Win32
		{F9C014C4-D134-4F6D-A33C-83EF35B9A2F7}.Release|x64.ActiveCfg = Release|x64
		{F9C014C4-D134-4F6D-A33C-83EF35B9A2F7}.Release|x64.Build.0 = Release|x64
		{F9C014C4-D134-4F6D-A33C-83EF35B9A2F7}.Release|x86.ActiveCfg = Release|Win32
		{F9C014C4-D134-4F6D-A33C-83EF35B9A2F7}.Release|x86.Build.0 = Release|Win32
		{EEAF12FE-DBE3-4DE4-9D13-94CFDF6A0E4C}.Debug|x64.ActiveCfg = Debug|x64
		{EEAF12FE-DBE3-4DE4-9D13-94CFDF6A0E4C}.Debug|x64.Build.0 = Debug|x64
		{EEAF12FE-DBE3-4DE4-9D13-94CFDF6A0E4C}.Debug|x86.ActiveCfg = Debug|Win32
		{EEAF12FE-DBE3-4DE4-9D13-94CFDF6A0E4C}.Debug|x86.Build.0 = Debug|Win32
		{EEAF12FE-DBE3-4DE4-9D13-94CFDF6A0E4C}.Release|x64.ActiveCfg = Release|x64
		{EEAF12FE-DBE3-4DE4-9D13-94CFDF6A0E4C}.Release|x64.Build.0 = Release|x64
		{EEAF12FE-DBE3-4DE4-9D13-94CFDF6A0E4C}.Release|x86.ActiveCfg = Release|Win32
		{EEAF12FE-DBE3-4DE4-9D13-94CFDF6A0E4C}.Release|x86.Build.0 = Release|Win32
		{F09EC233-ECA1-497E-8E42-02293E90D05C}.Debug|x64.ActiveCfg = Debug|x64
		{F09EC233-ECA1-497E-8E42-02293E90D05C}.Debug|x64.Build.0 = Debug|x64
		{F09EC233-ECA1-497E-8E42-02293E90D05C}.Debug|x86.ActiveCfg = Debug|Win32
		{F09EC233-ECA1-497E-8E42-02293E90D05C}.Debug|x86.Build.0 = Debug|Win32
		{F09EC233-ECA1-497E-8E42-02293E90D05C}.Release|x64.ActiveCfg = Release|x64
		{F09EC233-ECA1-497E-8E42-02293E90D05C}.Release|x64.Build.0 = Release|x64
		{F09EC233-ECA1-497E-8E42-02293E90D05C}.Release|x86.ActiveCfg = Release|Win32
		{F09EC233-ECA1-497E-8E42-02293E90D05C}.Release|x86.Build.0 = Release|Win32
	EndGlobalSection
	GlobalSection(SolutionProperties) = preSolution
		HideSolutionNode = FALSE
	EndGlobalSection
	GlobalSection(ExtensibilityGlobals) = postSolution
		SolutionGuid = {34A2F7BF-1C47-4E17-924C-8FCA3771F8AF}
	EndGlobalSection
EndGlobal
